
Microsoft Visual Studio Solution File, Format Version 12.00
# Visual Studio 15
VisualStudioVersion = 15.0.28307.1169
MinimumVisualStudioVersion = 10.0.40219.1
Project("{8BC9CEB8-8B4A-11D0-8D11-00A0C91BC942}") = "TeachingBoxFunction", "TeachingBoxFunction\TeachingBoxFunction.vcxproj", "{9E06C9C5-EB55-42D0-88E8-5A2A8F57C0DB}"
EndProject
Project("{8BC9CEB8-8B4A-11D0-8D11-00A0C91BC942}") = "DataStream", "DataStream\DataStream.vcxproj", "{B4B9C986-C07A-4A26-9BB7-52D0EE1250E6}"
EndProject
Project("{8BC9CEB8-8B4A-11D0-8D11-00A0C91BC942}") = "CodeEditor", "CodeEditor\CodeEditor.vcxproj", "{7011A737-932F-4C95-9732-5AD2EED49B94}"
EndProject
Project("{8BC9CEB8-8B4A-11D0-8D11-00A0C91BC942}") = "qscintilla2", "QScintilla_gpl-2.9.3\Qt4Qt5\qscintilla2.vcxproj", "{F54032EB-E644-3C0C-BB46-BC9DCE532264}"
EndProject
Project("{8BC9CEB8-8B4A-11D0-8D11-00A0C91BC942}") = "TeachingBox", "TeachingBox\TeachingBox.vcxproj", "{B12702AD-ABFB-343A-A199-8E24837244A3}"
	ProjectSection(ProjectDependencies) = postProject
		{7011A737-932F-4C95-9732-5AD2EED49B94} = {7011A737-932F-4C95-9732-5AD2EED49B94}
		{B4B9C986-C07A-4A26-9BB7-52D0EE1250E6} = {B4B9C986-C07A-4A26-9BB7-52D0EE1250E6}
		{9E06C9C5-EB55-42D0-88E8-5A2A8F57C0DB} = {9E06C9C5-EB55-42D0-88E8-5A2A8F57C0DB}
	EndProjectSection
EndProject
Global
	GlobalSection(SolutionConfigurationPlatforms) = preSolution
		Debug|Mixed Platforms = Debug|Mixed Platforms
		Debug|Win32 = Debug|Win32
		Debug|x64 = Debug|x64
		Release|Mixed Platforms = Release|Mixed Platforms
		Release|Win32 = Release|Win32
		Release|x64 = Release|x64
	EndGlobalSection
	GlobalSection(ProjectConfigurationPlatforms) = postSolution
		{9E06C9C5-EB55-42D0-88E8-5A2A8F57C0DB}.Debug|Mixed Platforms.ActiveCfg = Debug|Win32
		{9E06C9C5-EB55-42D0-88E8-5A2A8F57C0DB}.Debug|Mixed Platforms.Build.0 = Debug|Win32
		{9E06C9C5-EB55-42D0-88E8-5A2A8F57C0DB}.Debug|Win32.ActiveCfg = Debug|Win32
		{9E06C9C5-EB55-42D0-88E8-5A2A8F57C0DB}.Debug|Win32.Build.0 = Debug|Win32
		{9E06C9C5-EB55-42D0-88E8-5A2A8F57C0DB}.Debug|x64.ActiveCfg = Debug|x64
		{9E06C9C5-EB55-42D0-88E8-5A2A8F57C0DB}.Debug|x64.Build.0 = Debug|x64
		{9E06C9C5-EB55-42D0-88E8-5A2A8F57C0DB}.Release|Mixed Platforms.ActiveCfg = Release|Win32
		{9E06C9C5-EB55-42D0-88E8-5A2A8F57C0DB}.Release|Mixed Platforms.Build.0 = Release|Win32
		{9E06C9C5-EB55-42D0-88E8-5A2A8F57C0DB}.Release|Win32.ActiveCfg = Release|Win32
		{9E06C9C5-EB55-42D0-88E8-5A2A8F57C0DB}.Release|Win32.Build.0 = Release|Win32
		{9E06C9C5-EB55-42D0-88E8-5A2A8F57C0DB}.Release|x64.ActiveCfg = Release|x64
		{9E06C9C5-EB55-42D0-88E8-5A2A8F57C0DB}.Release|x64.Build.0 = Release|x64
		{B4B9C986-C07A-4A26-9BB7-52D0EE1250E6}.Debug|Mixed Platforms.ActiveCfg = Debug|Win32
		{B4B9C986-C07A-4A26-9BB7-52D0EE1250E6}.Debug|Mixed Platforms.Build.0 = Debug|Win32
		{B4B9C986-C07A-4A26-9BB7-52D0EE1250E6}.Debug|Win32.ActiveCfg = Debug|Win32
		{B4B9C986-C07A-4A26-9BB7-52D0EE1250E6}.Debug|Win32.Build.0 = Debug|Win32
		{B4B9C986-C07A-4A26-9BB7-52D0EE1250E6}.Debug|x64.ActiveCfg = Debug|x64
		{B4B9C986-C07A-4A26-9BB7-52D0EE1250E6}.Debug|x64.Build.0 = Debug|x64
		{B4B9C986-C07A-4A26-9BB7-52D0EE1250E6}.Release|Mixed Platforms.ActiveCfg = Release|Win32
		{B4B9C986-C07A-4A26-9BB7-52D0EE1250E6}.Release|Mixed Platforms.Build.0 = Release|Win32
		{B4B9C986-C07A-4A26-9BB7-52D0EE1250E6}.Release|Win32.ActiveCfg = Release|Win32
		{B4B9C986-C07A-4A26-9BB7-52D0EE1250E6}.Release|Win32.Build.0 = Release|Win32
		{B4B9C986-C07A-4A26-9BB7-52D0EE1250E6}.Release|x64.ActiveCfg = Release|x64
		{B4B9C986-C07A-4A26-9BB7-52D0EE1250E6}.Release|x64.Build.0 = Release|x64
		{7011A737-932F-4C95-9732-5AD2EED49B94}.Debug|Mixed Platforms.ActiveCfg = Debug|Win32
		{7011A737-932F-4C95-9732-5AD2EED49B94}.Debug|Mixed Platforms.Build.0 = Debug|Win32
		{7011A737-932F-4C95-9732-5AD2EED49B94}.Debug|Win32.ActiveCfg = Debug|Win32
		{7011A737-932F-4C95-9732-5AD2EED49B94}.Debug|Win32.Build.0 = Debug|Win32
		{7011A737-932F-4C95-9732-5AD2EED49B94}.Debug|x64.ActiveCfg = Debug|x64
		{7011A737-932F-4C95-9732-5AD2EED49B94}.Debug|x64.Build.0 = Debug|x64
		{7011A737-932F-4C95-9732-5AD2EED49B94}.Release|Mixed Platforms.ActiveCfg = Release|Win32
		{7011A737-932F-4C95-9732-5AD2EED49B94}.Release|Mixed Platforms.Build.0 = Release|Win32
		{7011A737-932F-4C95-9732-5AD2EED49B94}.Release|Win32.ActiveCfg = Release|Win32
		{7011A737-932F-4C95-9732-5AD2EED49B94}.Release|Win32.Build.0 = Release|Win32
		{7011A737-932F-4C95-9732-5AD2EED49B94}.Release|x64.ActiveCfg = Release|x64
		{7011A737-932F-4C95-9732-5AD2EED49B94}.Release|x64.Build.0 = Release|x64
		{F54032EB-E644-3C0C-BB46-BC9DCE532264}.Debug|Mixed Platforms.ActiveCfg = Debug|Win32
		{F54032EB-E644-3C0C-BB46-BC9DCE532264}.Debug|Mixed Platforms.Build.0 = Debug|Win32
		{F54032EB-E644-3C0C-BB46-BC9DCE532264}.Debug|Win32.ActiveCfg = Debug|Win32
		{F54032EB-E644-3C0C-BB46-BC9DCE532264}.Debug|Win32.Build.0 = Debug|Win32
		{F54032EB-E644-3C0C-BB46-BC9DCE532264}.Debug|x64.ActiveCfg = Debug|x64
		{F54032EB-E644-3C0C-BB46-BC9DCE532264}.Debug|x64.Build.0 = Debug|x64
		{F54032EB-E644-3C0C-BB46-BC9DCE532264}.Release|Mixed Platforms.ActiveCfg = Release|Win32
		{F54032EB-E644-3C0C-BB46-BC9DCE532264}.Release|Mixed Platforms.Build.0 = Release|Win32
		{F54032EB-E644-3C0C-BB46-BC9DCE532264}.Release|Win32.ActiveCfg = Release|Win32
		{F54032EB-E644-3C0C-BB46-BC9DCE532264}.Release|Win32.Build.0 = Release|Win32
		{F54032EB-E644-3C0C-BB46-BC9DCE532264}.Release|x64.ActiveCfg = Release|x64
		{F54032EB-E644-3C0C-BB46-BC9DCE532264}.Release|x64.Build.0 = Release|x64
		{B12702AD-ABFB-343A-A199-8E24837244A3}.Debug|Mixed Platforms.ActiveCfg = Debug|Win32
		{B12702AD-ABFB-343A-A199-8E24837244A3}.Debug|Mixed Platforms.Build.0 = Debug|Win32
		{B12702AD-ABFB-343A-A199-8E24837244A3}.Debug|Win32.ActiveCfg = Debug|Win32
		{B12702AD-ABFB-343A-A199-8E24837244A3}.Debug|Win32.Build.0 = Debug|Win32
		{B12702AD-ABFB-343A-A199-8E24837244A3}.Debug|x64.ActiveCfg = Debug|x64
		{B12702AD-ABFB-343A-A199-8E24837244A3}.Debug|x64.Build.0 = Debug|x64
		{B12702AD-ABFB-343A-A199-8E24837244A3}.Release|Mixed Platforms.ActiveCfg = Release|Win32
		{B12702AD-ABFB-343A-A199-8E24837244A3}.Release|Mixed Platforms.Build.0 = Release|Win32
		{B12702AD-ABFB-343A-A199-8E24837244A3}.Release|Win32.ActiveCfg = Release|Win32
		{B12702AD-ABFB-343A-A199-8E24837244A3}.Release|Win32.Build.0 = Release|Win32
		{B12702AD-ABFB-343A-A199-8E24837244A3}.Release|x64.ActiveCfg = Release|x64
		{B12702AD-ABFB-343A-A199-8E24837244A3}.Release|x64.Build.0 = Release|x64
	EndGlobalSection
	GlobalSection(SolutionProperties) = preSolution
		HideSolutionNode = FALSE
	EndGlobalSection
	GlobalSection(ExtensibilityGlobals) = postSolution
		SolutionGuid = {691C1462-0350-4E61-A230-96996988D9BC}
	EndGlobalSection
EndGlobal
