<?xml version="1.0" encoding="utf-8"?>
<Project ToolsVersion="4.0" xmlns="http://schemas.microsoft.com/developer/msbuild/2003">
  <ItemGroup>
    <Filter Include="Source Files">
      <UniqueIdentifier>{4FC737F1-C7A5-4376-A066-2A32D752A2FF}</UniqueIdentifier>
      <Extensions>cpp;cxx;c;def</Extensions>
    </Filter>
    <Filter Include="Header Files">
      <UniqueIdentifier>{93995380-89BD-4b04-88EB-625FBE52EBFB}</UniqueIdentifier>
      <Extensions>h</Extensions>
    </Filter>
    <Filter Include="Form Files">
      <UniqueIdentifier>{99349809-55BA-4b9d-BF79-8FDBB0286EB3}</UniqueIdentifier>
      <Extensions>ui</Extensions>
    </Filter>
    <Filter Include="Resource Files">
      <UniqueIdentifier>{D9D6E242-F8AF-46E4-B9FD-80ECBC20BA3E}</UniqueIdentifier>
      <Extensions>qrc;*</Extensions>
      <ParseFiles>false</ParseFiles>
    </Filter>
    <Filter Include="Generated Files">
      <UniqueIdentifier>{71ED8ED8-ACB9-4CE9-BBE1-E00B30144E11}</UniqueIdentifier>
      <Extensions>moc;h;cpp</Extensions>
      <SourceControlFiles>False</SourceControlFiles>
    </Filter>
    <Filter Include="Generated Files\Debug">
      <UniqueIdentifier>{2ee68721-322f-4f32-bde7-20d2e4369ba7}</UniqueIdentifier>
      <Extensions>cpp;moc</Extensions>
      <SourceControlFiles>False</SourceControlFiles>
    </Filter>
    <Filter Include="Generated Files\Release">
      <UniqueIdentifier>{1a8d4088-cb7e-4654-9021-098c0243b6fd}</UniqueIdentifier>
      <Extensions>cpp;moc</Extensions>
      <SourceControlFiles>False</SourceControlFiles>
    </Filter>
    <Filter Include="Translation Files">
      <UniqueIdentifier>{639EADAA-A684-42e4-A9AD-28FC9BCB8F7C}</UniqueIdentifier>
      <Extensions>ts</Extensions>
      <ParseFiles>false</ParseFiles>
    </Filter>
    <Filter Include="Header Files\Widget">
      <UniqueIdentifier>{5c7ac953-3633-4036-840e-e8564ce9f7ce}</UniqueIdentifier>
    </Filter>
    <Filter Include="Source Files\Widget">
      <UniqueIdentifier>{8abcfe9f-0103-46c3-b0c8-3bf4d8ff213a}</UniqueIdentifier>
    </Filter>
    <Filter Include="Header Files\Screen">
      <UniqueIdentifier>{b2766dc1-8cbb-412e-9002-af21b777afcd}</UniqueIdentifier>
    </Filter>
    <Filter Include="Source Files\Screen">
      <UniqueIdentifier>{9c838c1b-4970-44d7-9ffb-5a5cba874c0f}</UniqueIdentifier>
    </Filter>
    <Filter Include="Header Files\TeachingBox">
      <UniqueIdentifier>{fb294944-ad0f-487a-be24-dd5669e06daa}</UniqueIdentifier>
    </Filter>
    <Filter Include="Source Files\TeachingBox">
      <UniqueIdentifier>{f3d9cb6a-a09a-4594-b34d-8476015aff4b}</UniqueIdentifier>
    </Filter>
    <Filter Include="Header Files\Context">
      <UniqueIdentifier>{a1b74205-e610-4296-9d82-b6a60a1c5e59}</UniqueIdentifier>
    </Filter>
    <Filter Include="Header Files\Screen\Screen">
      <UniqueIdentifier>{e37fcda1-d983-493c-b56b-7cf734c95e09}</UniqueIdentifier>
    </Filter>
    <Filter Include="Source Files\Screen\Screen">
      <UniqueIdentifier>{eb4d9d29-aaee-42cc-b508-91b41818841e}</UniqueIdentifier>
    </Filter>
    <Filter Include="Header Files\Screen\ScreenMain">
      <UniqueIdentifier>{5706a00a-aff2-4cda-a655-67e313f0892c}</UniqueIdentifier>
    </Filter>
    <Filter Include="Source Files\Screen\ScreenMain">
      <UniqueIdentifier>{b88f5f9a-1599-4fce-b2f7-89740d2c20f7}</UniqueIdentifier>
    </Filter>
    <Filter Include="Source Files\Context">
      <UniqueIdentifier>{47204817-e217-4180-9321-0b6180b1fe39}</UniqueIdentifier>
    </Filter>
    <Filter Include="Header Files\Function">
      <UniqueIdentifier>{29416ebf-0e44-4df4-bb91-01954c50ea89}</UniqueIdentifier>
    </Filter>
    <Filter Include="Header Files\Screen\ScreenService">
      <UniqueIdentifier>{c126758a-133a-4f19-977b-7fd6fcbde27e}</UniqueIdentifier>
    </Filter>
    <Filter Include="Source Files\Screen\ScreenService">
      <UniqueIdentifier>{6484afed-bab7-434d-88f5-228c2816f72b}</UniqueIdentifier>
    </Filter>
    <Filter Include="Header Files\Screen\Screen\Widget">
      <UniqueIdentifier>{a6bc366f-2b27-479a-806b-b03fed2d72e9}</UniqueIdentifier>
    </Filter>
    <Filter Include="Source Files\Screen\Screen\Widget">
      <UniqueIdentifier>{7eb4feae-ff76-4c61-8483-230a46e92282}</UniqueIdentifier>
    </Filter>
    <Filter Include="Header Files\User">
      <UniqueIdentifier>{09caee7b-73aa-4d19-a90f-f62459fd1510}</UniqueIdentifier>
    </Filter>
    <Filter Include="Source Files\User">
      <UniqueIdentifier>{0d03b261-a3bc-43c0-9bf6-cdd5f86c47e3}</UniqueIdentifier>
    </Filter>
    <Filter Include="Header Files\DataPersistence">
      <UniqueIdentifier>{6d9fa92a-56c8-470d-a169-cf273a5c4b6e}</UniqueIdentifier>
    </Filter>
    <Filter Include="Source Files\DataPersistence">
      <UniqueIdentifier>{a686bc96-08e3-430d-806a-73cecf692ca7}</UniqueIdentifier>
    </Filter>
    <Filter Include="Header Files\Exception">
      <UniqueIdentifier>{2038dbc6-06bb-4b28-b98c-7a0c871780a3}</UniqueIdentifier>
    </Filter>
    <Filter Include="Header Files\Screen\ScreenService\UserManager">
      <UniqueIdentifier>{79a52ea2-3886-4d24-90c1-124bc611beee}</UniqueIdentifier>
    </Filter>
    <Filter Include="Source Files\Screen\ScreenService\UserManager">
      <UniqueIdentifier>{0526e658-e12e-4b6e-b0dd-772ef334c7f2}</UniqueIdentifier>
    </Filter>
    <Filter Include="Source Files\Exception">
      <UniqueIdentifier>{85ac0e42-bda8-45f5-8292-901e26e757b9}</UniqueIdentifier>
    </Filter>
    <Filter Include="Header Files\Screen\ScreenVariate">
      <UniqueIdentifier>{bb86e6d1-1759-49e7-b229-bd59402eaf48}</UniqueIdentifier>
    </Filter>
    <Filter Include="Header Files\Variate">
      <UniqueIdentifier>{54043be8-f4d1-4cdb-8edd-4b277d1f547f}</UniqueIdentifier>
    </Filter>
    <Filter Include="Source Files\Screen\ScreenVariate">
      <UniqueIdentifier>{e6cb7dc5-ed0b-4df8-bacc-b582f2d6f777}</UniqueIdentifier>
    </Filter>
    <Filter Include="Source Files\Variate">
      <UniqueIdentifier>{424b575f-7e28-42f3-817d-e7d2759daf4e}</UniqueIdentifier>
    </Filter>
    <Filter Include="Header Files\Widget\Keyboard">
      <UniqueIdentifier>{f0aa7b93-42a0-40af-865c-88a2dd77caf7}</UniqueIdentifier>
    </Filter>
    <Filter Include="Source Files\Widget\Keyboard">
      <UniqueIdentifier>{12de226b-555c-4b3e-9e37-35b641db9a83}</UniqueIdentifier>
    </Filter>
    <Filter Include="Header Files\Screen\ScreenVariate\TreeWidget">
      <UniqueIdentifier>{d1475459-5d01-4fa8-84ad-cc22dc3234e7}</UniqueIdentifier>
    </Filter>
    <Filter Include="Source Files\Screen\ScreenVariate\TreeWidget">
      <UniqueIdentifier>{13a51189-ba57-4adb-8873-5f104a7cdf85}</UniqueIdentifier>
    </Filter>
    <Filter Include="Source Files\Screen\ScreenVariate\NewVariate">
      <UniqueIdentifier>{708f8b3f-02a5-4304-ad88-f0793b421812}</UniqueIdentifier>
    </Filter>
    <Filter Include="Header Files\Screen\ScreenVariate\NewVariate">
      <UniqueIdentifier>{2725e29e-968a-43c9-a043-904104b47977}</UniqueIdentifier>
    </Filter>
    <Filter Include="Header Files\Variate\Variate">
      <UniqueIdentifier>{a196207d-ed50-41a3-95f4-38f72c9edc91}</UniqueIdentifier>
    </Filter>
    <Filter Include="Header Files\Screen\ScreenProject">
      <UniqueIdentifier>{41a82332-187b-4449-bdd1-0c8aadbb22ee}</UniqueIdentifier>
    </Filter>
    <Filter Include="Header Files\Screen\ScreenProgram">
      <UniqueIdentifier>{ca5055d9-cdce-47d0-8f93-be62eb58cd81}</UniqueIdentifier>
    </Filter>
    <Filter Include="Source Files\Variate\Variate">
      <UniqueIdentifier>{477b747c-f4f4-4989-bdc4-f2d42ea864fd}</UniqueIdentifier>
    </Filter>
    <Filter Include="Source Files\Screen\ScreenProject">
      <UniqueIdentifier>{48021f86-7be7-49a6-909c-c2b5863f66d6}</UniqueIdentifier>
    </Filter>
    <Filter Include="Source Files\Screen\ScreenProgram">
      <UniqueIdentifier>{0a4851bc-f95c-4c1e-9bb8-b3f6990f13de}</UniqueIdentifier>
    </Filter>
  </ItemGroup>
  <ItemGroup>
    <ClCompile Include="stdafx.cpp">
      <Filter>Source Files</Filter>
    </ClCompile>
    <ClCompile Include="main.cpp">
      <Filter>Source Files</Filter>
    </ClCompile>
    <ClCompile Include="GeneratedFiles\qrc_teachingbox.cpp">
      <Filter>Generated Files</Filter>
    </ClCompile>
    <ClCompile Include="GeneratedFiles\Debug\moc_TeachingBox.cpp">
      <Filter>Generated Files\Debug</Filter>
    </ClCompile>
    <ClCompile Include="GeneratedFiles\Release\moc_TeachingBox.cpp">
      <Filter>Generated Files\Release</Filter>
    </ClCompile>
    <ClCompile Include="GeneratedFiles\Debug\moc_WarningLight.cpp">
      <Filter>Generated Files\Debug</Filter>
    </ClCompile>
    <ClCompile Include="GeneratedFiles\Release\moc_WarningLight.cpp">
      <Filter>Generated Files\Release</Filter>
    </ClCompile>
    <ClCompile Include="GeneratedFiles\Debug\moc_InternationalWidget.cpp">
      <Filter>Generated Files\Debug</Filter>
    </ClCompile>
    <ClCompile Include="GeneratedFiles\Release\moc_InternationalWidget.cpp">
      <Filter>Generated Files\Release</Filter>
    </ClCompile>
    <ClCompile Include="InternationalWidget.cpp">
      <Filter>Source Files\Widget</Filter>
    </ClCompile>
    <ClCompile Include="Button.cpp">
      <Filter>Source Files\Widget</Filter>
    </ClCompile>
    <ClCompile Include="TeachingBox.cpp">
      <Filter>Source Files\TeachingBox</Filter>
    </ClCompile>
    <ClCompile Include="WarningLight.cpp">
      <Filter>Source Files\TeachingBox</Filter>
    </ClCompile>
    <ClCompile Include="GeneratedFiles\Debug\moc_ScreenWarning.cpp">
      <Filter>Generated Files\Debug</Filter>
    </ClCompile>
    <ClCompile Include="GeneratedFiles\Release\moc_ScreenWarning.cpp">
      <Filter>Generated Files\Release</Filter>
    </ClCompile>
    <ClCompile Include="ScreenWarning.cpp">
      <Filter>Source Files\Screen\Screen</Filter>
    </ClCompile>
    <ClCompile Include="Screen.cpp">
      <Filter>Source Files\Screen\Screen</Filter>
    </ClCompile>
    <ClCompile Include="ScreenAxis.cpp">
      <Filter>Source Files\Screen\Screen</Filter>
    </ClCompile>
    <ClCompile Include="ScreenState.cpp">
      <Filter>Source Files\Screen\Screen</Filter>
    </ClCompile>
    <ClCompile Include="ScreenSetting.cpp">
      <Filter>Source Files\Screen\ScreenService</Filter>
    </ClCompile>
    <ClCompile Include="TeachingBoxContext.cpp">
      <Filter>Source Files\Context</Filter>
    </ClCompile>
    <ClCompile Include="ScreenMainParent.cpp">
      <Filter>Source Files\Screen\ScreenMain</Filter>
    </ClCompile>
    <ClCompile Include="ScreenService.cpp">
      <Filter>Source Files\Screen\ScreenService</Filter>
    </ClCompile>
    <ClCompile Include="GeneratedFiles\Debug\moc_ScreenService.cpp">
      <Filter>Generated Files\Debug</Filter>
    </ClCompile>
    <ClCompile Include="GeneratedFiles\Release\moc_ScreenService.cpp">
      <Filter>Generated Files\Release</Filter>
    </ClCompile>
    <ClCompile Include="GeneratedFiles\Debug\moc_ScreenSetting.cpp">
      <Filter>Generated Files\Debug</Filter>
    </ClCompile>
    <ClCompile Include="GeneratedFiles\Release\moc_ScreenSetting.cpp">
      <Filter>Generated Files\Release</Filter>
    </ClCompile>
    <ClCompile Include="GeneratedFiles\Debug\moc_ScreenUserManager.cpp">
      <Filter>Generated Files\Debug</Filter>
    </ClCompile>
    <ClCompile Include="GeneratedFiles\Release\moc_ScreenUserManager.cpp">
      <Filter>Generated Files\Release</Filter>
    </ClCompile>
    <ClCompile Include="GeneratedFiles\Debug\moc_ScreenNetwork.cpp">
      <Filter>Generated Files\Debug</Filter>
    </ClCompile>
    <ClCompile Include="GeneratedFiles\Release\moc_ScreenNetwork.cpp">
      <Filter>Generated Files\Release</Filter>
    </ClCompile>
    <ClCompile Include="LabelWithBorder.cpp">
      <Filter>Source Files\Screen\Screen\Widget</Filter>
    </ClCompile>
    <ClCompile Include="User.cpp">
      <Filter>Source Files\User</Filter>
    </ClCompile>
    <ClCompile Include="Language.cpp">
      <Filter>Source Files\User</Filter>
    </ClCompile>
    <ClCompile Include="ScreenNetwork.cpp">
      <Filter>Source Files\Screen\ScreenService</Filter>
    </ClCompile>
    <ClCompile Include="ScreenUser.cpp">
      <Filter>Source Files\Screen\ScreenService</Filter>
    </ClCompile>
    <ClCompile Include="ScreenUserManager.cpp">
      <Filter>Source Files\Screen\ScreenService\UserManager</Filter>
    </ClCompile>
    <ClCompile Include="GeneratedFiles\Debug\moc_DialogEditUser.cpp">
      <Filter>Generated Files\Debug</Filter>
    </ClCompile>
    <ClCompile Include="GeneratedFiles\Release\moc_DialogEditUser.cpp">
      <Filter>Generated Files\Release</Filter>
    </ClCompile>
    <ClCompile Include="DialogEditUser.cpp">
      <Filter>Source Files\Screen\ScreenService\UserManager</Filter>
    </ClCompile>
    <ClCompile Include="Exception.cpp">
      <Filter>Source Files\Exception</Filter>
    </ClCompile>
    <ClCompile Include="DatabaseHelper.cpp">
      <Filter>Source Files\DataPersistence</Filter>
    </ClCompile>
    <ClCompile Include="UserDatabase.cpp">
      <Filter>Source Files\DataPersistence</Filter>
    </ClCompile>
    <ClCompile Include="GeneratedFiles\Debug\moc_ScreenVariate.cpp">
      <Filter>Generated Files\Debug</Filter>
    </ClCompile>
    <ClCompile Include="GeneratedFiles\Release\moc_ScreenVariate.cpp">
      <Filter>Generated Files\Release</Filter>
    </ClCompile>
    <ClCompile Include="ScreenManager.cpp">
      <Filter>Source Files\Screen\ScreenMain</Filter>
    </ClCompile>
    <ClCompile Include="ScreenVariate.cpp">
      <Filter>Source Files\Screen\ScreenVariate</Filter>
    </ClCompile>
    <ClCompile Include="ButtonGroup.cpp">
      <Filter>Source Files\Widget</Filter>
    </ClCompile>
    <ClCompile Include="GeneratedFiles\Debug\moc_TVariate.cpp">
      <Filter>Generated Files\Debug</Filter>
    </ClCompile>
    <ClCompile Include="GeneratedFiles\Release\moc_TVariate.cpp">
      <Filter>Generated Files\Release</Filter>
    </ClCompile>
    <ClCompile Include="GeneratedFiles\Debug\moc_TSymbol.cpp">
      <Filter>Generated Files\Debug</Filter>
    </ClCompile>
    <ClCompile Include="GeneratedFiles\Release\moc_TSymbol.cpp">
      <Filter>Generated Files\Release</Filter>
    </ClCompile>
    <ClCompile Include="GeneratedFiles\Debug\moc_TPosition.cpp">
      <Filter>Generated Files\Debug</Filter>
    </ClCompile>
    <ClCompile Include="GeneratedFiles\Release\moc_TPosition.cpp">
      <Filter>Generated Files\Release</Filter>
    </ClCompile>
    <ClCompile Include="GeneratedFiles\Debug\moc_TInteger.cpp">
      <Filter>Generated Files\Debug</Filter>
    </ClCompile>
    <ClCompile Include="GeneratedFiles\Release\moc_TInteger.cpp">
      <Filter>Generated Files\Release</Filter>
    </ClCompile>
    <ClCompile Include="GeneratedFiles\Debug\moc_TString.cpp">
      <Filter>Generated Files\Debug</Filter>
    </ClCompile>
    <ClCompile Include="GeneratedFiles\Release\moc_TString.cpp">
      <Filter>Generated Files\Release</Filter>
    </ClCompile>
    <ClCompile Include="GeneratedFiles\Debug\moc_TOverlap.cpp">
      <Filter>Generated Files\Debug</Filter>
    </ClCompile>
    <ClCompile Include="GeneratedFiles\Release\moc_TOverlap.cpp">
      <Filter>Generated Files\Release</Filter>
    </ClCompile>
    <ClCompile Include="GeneratedFiles\Debug\moc_TDouble.cpp">
      <Filter>Generated Files\Debug</Filter>
    </ClCompile>
    <ClCompile Include="GeneratedFiles\Release\moc_TDouble.cpp">
      <Filter>Generated Files\Release</Filter>
    </ClCompile>
    <ClCompile Include="GeneratedFiles\Debug\moc_TDynamic.cpp">
      <Filter>Generated Files\Debug</Filter>
    </ClCompile>
    <ClCompile Include="GeneratedFiles\Release\moc_TDynamic.cpp">
      <Filter>Generated Files\Release</Filter>
    </ClCompile>
    <ClCompile Include="GeneratedFiles\Debug\moc_TBool.cpp">
      <Filter>Generated Files\Debug</Filter>
    </ClCompile>
    <ClCompile Include="GeneratedFiles\Release\moc_TBool.cpp">
      <Filter>Generated Files\Release</Filter>
    </ClCompile>
    <ClCompile Include="TSymbol.cpp">
      <Filter>Source Files\Variate</Filter>
    </ClCompile>
    <ClCompile Include="GeneratedFiles\Debug\moc_LineEditWithRegExpAndKeyboard.cpp">
      <Filter>Generated Files\Debug</Filter>
    </ClCompile>
    <ClCompile Include="GeneratedFiles\Release\moc_LineEditWithRegExpAndKeyboard.cpp">
      <Filter>Generated Files\Release</Filter>
    </ClCompile>
    <ClCompile Include="GeneratedFiles\Debug\moc_Keyboard.cpp">
      <Filter>Generated Files\Debug</Filter>
    </ClCompile>
    <ClCompile Include="GeneratedFiles\Release\moc_Keyboard.cpp">
      <Filter>Generated Files\Release</Filter>
    </ClCompile>
    <ClCompile Include="GeneratedFiles\Debug\moc_ComboBoxInTree.cpp">
      <Filter>Generated Files\Debug</Filter>
    </ClCompile>
    <ClCompile Include="GeneratedFiles\Release\moc_ComboBoxInTree.cpp">
      <Filter>Generated Files\Release</Filter>
    </ClCompile>
    <ClCompile Include="Keyboard.cpp">
      <Filter>Source Files\Widget\Keyboard</Filter>
    </ClCompile>
    <ClCompile Include="TreeWidgetItemWithVariate.cpp">
      <Filter>Source Files\Screen\ScreenVariate\TreeWidget</Filter>
    </ClCompile>
    <ClCompile Include="RegExp.cpp">
      <Filter>Source Files\Context</Filter>
    </ClCompile>
    <ClCompile Include="WarningManager.cpp">
      <Filter>Source Files\Exception</Filter>
    </ClCompile>
    <ClCompile Include="LineEditWithRegExpAndKeyboard.cpp">
      <Filter>Source Files\Widget\Keyboard</Filter>
    </ClCompile>
    <ClCompile Include="ComboBoxInTree.cpp">
      <Filter>Source Files\Screen\ScreenVariate\TreeWidget</Filter>
    </ClCompile>
    <ClCompile Include="LineEditInTree.cpp">
      <Filter>Source Files\Screen\ScreenVariate\TreeWidget</Filter>
    </ClCompile>
    <ClCompile Include="WidgetItemInTree.cpp">
      <Filter>Source Files\Screen\ScreenVariate\TreeWidget</Filter>
    </ClCompile>
    <ClCompile Include="GeneratedFiles\Debug\moc_DialogNewVariate.cpp">
      <Filter>Generated Files\Debug</Filter>
    </ClCompile>
    <ClCompile Include="GeneratedFiles\Release\moc_DialogNewVariate.cpp">
      <Filter>Generated Files\Release</Filter>
    </ClCompile>
    <ClCompile Include="KeyboardButton.cpp">
      <Filter>Source Files\Widget\Keyboard</Filter>
    </ClCompile>
    <ClCompile Include="DialogNewVariate.cpp">
      <Filter>Source Files\Screen\ScreenVariate\NewVariate</Filter>
    </ClCompile>
    <ClCompile Include="GeneratedFiles\Debug\moc_VariateTableManager.cpp">
      <Filter>Generated Files\Debug</Filter>
    </ClCompile>
    <ClCompile Include="GeneratedFiles\Release\moc_VariateTableManager.cpp">
      <Filter>Generated Files\Release</Filter>
    </ClCompile>
    <ClCompile Include="VariateTableManager.cpp">
      <Filter>Source Files\Screen\ScreenVariate\NewVariate</Filter>
    </ClCompile>
    <ClCompile Include="VariateDatabase.cpp">
      <Filter>Source Files\DataPersistence</Filter>
    </ClCompile>
    <ClCompile Include="GeneratedFiles\Debug\moc_TVariateManager.cpp">
      <Filter>Generated Files\Debug</Filter>
    </ClCompile>
    <ClCompile Include="GeneratedFiles\Release\moc_TVariateManager.cpp">
      <Filter>Generated Files\Release</Filter>
    </ClCompile>
    <ClCompile Include="TVariateManager.cpp">
      <Filter>Source Files\Variate</Filter>
    </ClCompile>
    <ClCompile Include="TScope.cpp">
      <Filter>Source Files\Variate</Filter>
    </ClCompile>
    <ClCompile Include="TVariateFactory.cpp">
      <Filter>Source Files\Variate</Filter>
    </ClCompile>
    <ClCompile Include="TVariateType.cpp">
      <Filter>Source Files\Variate</Filter>
    </ClCompile>
    <ClCompile Include="ProjectContext.cpp">
      <Filter>Source Files\Context</Filter>
    </ClCompile>
    <ClCompile Include="Context.cpp">
      <Filter>Source Files\Context</Filter>
    </ClCompile>
    <ClCompile Include="GeneratedFiles\Debug\moc_ScreenProject.cpp">
      <Filter>Generated Files\Debug</Filter>
    </ClCompile>
    <ClCompile Include="GeneratedFiles\Release\moc_ScreenProject.cpp">
      <Filter>Generated Files\Release</Filter>
    </ClCompile>
    <ClCompile Include="TBool.cpp">
      <Filter>Source Files\Variate\Variate</Filter>
    </ClCompile>
    <ClCompile Include="TDouble.cpp">
      <Filter>Source Files\Variate\Variate</Filter>
    </ClCompile>
    <ClCompile Include="TDynamic.cpp">
      <Filter>Source Files\Variate\Variate</Filter>
    </ClCompile>
    <ClCompile Include="TInteger.cpp">
      <Filter>Source Files\Variate\Variate</Filter>
    </ClCompile>
    <ClCompile Include="TOverlap.cpp">
      <Filter>Source Files\Variate\Variate</Filter>
    </ClCompile>
    <ClCompile Include="TPosition.cpp">
      <Filter>Source Files\Variate\Variate</Filter>
    </ClCompile>
    <ClCompile Include="TVariate.cpp">
      <Filter>Source Files\Variate\Variate</Filter>
    </ClCompile>
    <ClCompile Include="TString.cpp">
      <Filter>Source Files\Variate\Variate</Filter>
    </ClCompile>
    <ClCompile Include="ScreenProject.cpp">
      <Filter>Source Files\Screen\ScreenProject</Filter>
    </ClCompile>
    <ClCompile Include="ProjectManager.cpp">
      <Filter>Source Files\Screen\ScreenProject</Filter>
    </ClCompile>
    <ClCompile Include="GeneratedFiles\Debug\moc_ScreenProgram.cpp">
      <Filter>Generated Files\Debug</Filter>
    </ClCompile>
    <ClCompile Include="GeneratedFiles\Release\moc_ScreenProgram.cpp">
      <Filter>Generated Files\Release</Filter>
    </ClCompile>
    <ClCompile Include="ScreenProgram.cpp">
      <Filter>Source Files\Screen\ScreenProgram</Filter>
    </ClCompile>
    <ClCompile Include="CodeEditor.cpp">
      <Filter>Source Files\Screen\ScreenProgram</Filter>
    </ClCompile>
    <ClCompile Include="GeneratedFiles\Debug\moc_CodeEditor.cpp">
      <Filter>Generated Files\Debug</Filter>
    </ClCompile>
    <ClCompile Include="GeneratedFiles\Release\moc_CodeEditor.cpp">
      <Filter>Generated Files\Release</Filter>
    </ClCompile>
  </ItemGroup>
  <ItemGroup>
    <CustomBuild Include="teachingbox.qrc">
      <Filter>Resource Files</Filter>
    </CustomBuild>
    <CustomBuild Include="stdafx.h">
      <Filter>Header Files</Filter>
    </CustomBuild>
    <CustomBuild Include="InternationalWidget.h">
      <Filter>Header Files\Widget</Filter>
    </CustomBuild>
    <CustomBuild Include="TeachingBox.h">
      <Filter>Header Files\TeachingBox</Filter>
    </CustomBuild>
    <CustomBuild Include="WarningLight.h">
      <Filter>Header Files\TeachingBox</Filter>
    </CustomBuild>
    <CustomBuild Include="ScreenWarning.h">
      <Filter>Header Files\Screen\Screen</Filter>
    </CustomBuild>
    <CustomBuild Include="ScreenService.h">
      <Filter>Header Files\Screen\ScreenService</Filter>
    </CustomBuild>
    <CustomBuild Include="ScreenSetting.h">
      <Filter>Header Files\Screen\ScreenService</Filter>
    </CustomBuild>
    <CustomBuild Include="ScreenNetwork.h">
      <Filter>Header Files\Screen\ScreenService</Filter>
    </CustomBuild>
    <CustomBuild Include="ScreenUserManager.h">
      <Filter>Header Files\Screen\ScreenService\UserManager</Filter>
    </CustomBuild>
    <CustomBuild Include="DialogEditUser.h">
      <Filter>Header Files\Screen\ScreenService\UserManager</Filter>
    </CustomBuild>
    <CustomBuild Include="ScreenVariate.h">
      <Filter>Header Files\Screen\ScreenVariate</Filter>
    </CustomBuild>
    <CustomBuild Include="TSymbol.h">
      <Filter>Header Files\Variate</Filter>
    </CustomBuild>
    <CustomBuild Include="ComboBoxInTree.h">
      <Filter>Header Files\Screen\ScreenVariate\TreeWidget</Filter>
    </CustomBuild>
    <CustomBuild Include="Keyboard.h">
      <Filter>Header Files\Widget\Keyboard</Filter>
    </CustomBuild>
    <CustomBuild Include="LineEditWithRegExpAndKeyboard.h">
      <Filter>Header Files\Widget\Keyboard</Filter>
    </CustomBuild>
    <CustomBuild Include="DialogNewVariate.h">
      <Filter>Header Files\Screen\ScreenVariate\NewVariate</Filter>
    </CustomBuild>
    <CustomBuild Include="VariateTableManager.h">
      <Filter>Header Files\Screen\ScreenVariate\NewVariate</Filter>
    </CustomBuild>
    <CustomBuild Include="TVariateManager.h">
      <Filter>Header Files\Variate</Filter>
    </CustomBuild>
    <CustomBuild Include="TBool.h">
      <Filter>Header Files\Variate\Variate</Filter>
    </CustomBuild>
    <CustomBuild Include="TDouble.h">
      <Filter>Header Files\Variate\Variate</Filter>
    </CustomBuild>
    <CustomBuild Include="TDynamic.h">
      <Filter>Header Files\Variate\Variate</Filter>
    </CustomBuild>
    <CustomBuild Include="TInteger.h">
      <Filter>Header Files\Variate\Variate</Filter>
    </CustomBuild>
    <CustomBuild Include="TOverlap.h">
      <Filter>Header Files\Variate\Variate</Filter>
    </CustomBuild>
    <CustomBuild Include="TPosition.h">
      <Filter>Header Files\Variate\Variate</Filter>
    </CustomBuild>
    <CustomBuild Include="TString.h">
      <Filter>Header Files\Variate\Variate</Filter>
    </CustomBuild>
    <CustomBuild Include="TVariate.h">
      <Filter>Header Files\Variate\Variate</Filter>
    </CustomBuild>
    <CustomBuild Include="ScreenProject.h">
      <Filter>Header Files\Screen\ScreenProject</Filter>
    </CustomBuild>
    <CustomBuild Include="ScreenProgram.h">
      <Filter>Header Files\Screen\ScreenProgram</Filter>
    </CustomBuild>
    <CustomBuild Include="CodeEditor.h">
      <Filter>Header Files\Screen\ScreenProgram</Filter>
    </CustomBuild>
  </ItemGroup>
  <ItemGroup>
    <None Include="teachingbox_zh.qm">
      <Filter>Translation Files</Filter>
    </None>
    <None Include="teachingbox_zh.ts">
      <Filter>Translation Files</Filter>
    </None>
  </ItemGroup>
  <ItemGroup>
    <ClInclude Include="Button.h">
      <Filter>Header Files\Widget</Filter>
    </ClInclude>
    <ClInclude Include="TeachingBoxContext.h">
      <Filter>Header Files\Context</Filter>
    </ClInclude>
    <ClInclude Include="Screen.h">
      <Filter>Header Files\Screen\Screen</Filter>
    </ClInclude>
    <ClInclude Include="ScreenAxis.h">
      <Filter>Header Files\Screen\Screen</Filter>
    </ClInclude>
    <ClInclude Include="ScreenState.h">
      <Filter>Header Files\Screen\Screen</Filter>
    </ClInclude>
    <ClInclude Include="ScreenMainParent.h">
      <Filter>Header Files\Screen\ScreenMain</Filter>
    </ClInclude>
    <ClInclude Include="SingleTon.h">
      <Filter>Header Files\Function</Filter>
    </ClInclude>
    <ClInclude Include="ScreenUser.h">
      <Filter>Header Files\Screen\ScreenService</Filter>
    </ClInclude>
    <ClInclude Include="LabelWithBorder.h">
      <Filter>Header Files\Screen\Screen\Widget</Filter>
    </ClInclude>
    <ClInclude Include="User.h">
      <Filter>Header Files\User</Filter>
    </ClInclude>
    <ClInclude Include="Language.h">
      <Filter>Header Files\User</Filter>
    </ClInclude>
    <ClInclude Include="Exception.h">
      <Filter>Header Files\Exception</Filter>
    </ClInclude>
    <ClInclude Include="IUserManager.h">
      <Filter>Header Files\Screen\ScreenService\UserManager</Filter>
    </ClInclude>
    <ClInclude Include="UserDatabase.h">
      <Filter>Header Files\DataPersistence</Filter>
    </ClInclude>
    <ClInclude Include="DatabaseHelper.h">
      <Filter>Header Files\DataPersistence</Filter>
    </ClInclude>
    <ClInclude Include="ScreenManager.h">
      <Filter>Header Files\Screen\ScreenMain</Filter>
    </ClInclude>
    <ClInclude Include="ButtonGroup.h">
      <Filter>Header Files\Widget</Filter>
    </ClInclude>
    <ClInclude Include="DataStruct.h">
      <Filter>Header Files\Context</Filter>
    </ClInclude>
    <ClInclude Include="TreeWidgetItemWithVariate.h">
      <Filter>Header Files\Screen\ScreenVariate\TreeWidget</Filter>
    </ClInclude>
    <ClInclude Include="WidgetItemInTree.h">
      <Filter>Header Files\Screen\ScreenVariate\TreeWidget</Filter>
    </ClInclude>
    <ClInclude Include="LineEditInTree.h">
      <Filter>Header Files\Screen\ScreenVariate\TreeWidget</Filter>
    </ClInclude>
    <ClInclude Include="KeyboardInterface.h">
      <Filter>Header Files\Widget\Keyboard</Filter>
    </ClInclude>
    <ClInclude Include="RegExp.h">
      <Filter>Header Files\Context</Filter>
    </ClInclude>
    <ClInclude Include="WarningManager.h">
      <Filter>Header Files\Exception</Filter>
    </ClInclude>
    <ClInclude Include="KeyboardButton.h">
      <Filter>Header Files\Widget\Keyboard</Filter>
    </ClInclude>
    <ClInclude Include="IEditVariate.h">
      <Filter>Header Files\Screen\ScreenVariate</Filter>
    </ClInclude>
    <ClInclude Include="VariateDatabase.h">
      <Filter>Header Files\DataPersistence</Filter>
    </ClInclude>
    <ClInclude Include="TScope.h">
      <Filter>Header Files\Variate</Filter>
    </ClInclude>
    <ClInclude Include="TVariateFactory.h">
      <Filter>Header Files\Variate</Filter>
    </ClInclude>
    <ClInclude Include="TVariateType.h">
      <Filter>Header Files\Variate</Filter>
    </ClInclude>
    <ClInclude Include="ProjectContext.h">
      <Filter>Header Files\Context</Filter>
    </ClInclude>
    <ClInclude Include="Context.h">
      <Filter>Header Files\Context</Filter>
    </ClInclude>
    <ClInclude Include="ProjectManager.h">
      <Filter>Header Files\Screen\ScreenProject</Filter>
    </ClInclude>
  </ItemGroup>
</Project>