<?xml version="1.0" encoding="utf-8"?>
<Project ToolsVersion="4.0" xmlns="http://schemas.microsoft.com/developer/msbuild/2003">
  <ItemGroup>
    <Filter Include="Source Files">
      <UniqueIdentifier>{4FC737F1-C7A5-4376-A066-2A32D752A2FF}</UniqueIdentifier>
      <Extensions>cpp;cxx;c;def</Extensions>
    </Filter>
    <Filter Include="Header Files">
      <UniqueIdentifier>{93995380-89BD-4b04-88EB-625FBE52EBFB}</UniqueIdentifier>
      <Extensions>h</Extensions>
    </Filter>
    <Filter Include="Form Files">
      <UniqueIdentifier>{99349809-55BA-4b9d-BF79-8FDBB0286EB3}</UniqueIdentifier>
      <Extensions>ui</Extensions>
    </Filter>
    <Filter Include="Resource Files">
      <UniqueIdentifier>{D9D6E242-F8AF-46E4-B9FD-80ECBC20BA3E}</UniqueIdentifier>
      <Extensions>qrc;*</Extensions>
      <ParseFiles>false</ParseFiles>
    </Filter>
    <Filter Include="Generated Files">
      <UniqueIdentifier>{71ED8ED8-ACB9-4CE9-BBE1-E00B30144E11}</UniqueIdentifier>
      <Extensions>moc;h;cpp</Extensions>
      <SourceControlFiles>False</SourceControlFiles>
    </Filter>
    <Filter Include="Generated Files\Debug">
      <UniqueIdentifier>{2ee68721-322f-4f32-bde7-20d2e4369ba7}</UniqueIdentifier>
      <Extensions>cpp;moc</Extensions>
      <SourceControlFiles>False</SourceControlFiles>
    </Filter>
    <Filter Include="Generated Files\Release">
      <UniqueIdentifier>{1a8d4088-cb7e-4654-9021-098c0243b6fd}</UniqueIdentifier>
      <Extensions>cpp;moc</Extensions>
      <SourceControlFiles>False</SourceControlFiles>
    </Filter>
    <Filter Include="Translation Files">
      <UniqueIdentifier>{639EADAA-A684-42e4-A9AD-28FC9BCB8F7C}</UniqueIdentifier>
      <Extensions>ts</Extensions>
      <ParseFiles>false</ParseFiles>
    </Filter>
    <Filter Include="Header Files\Widget">
      <UniqueIdentifier>{5c7ac953-3633-4036-840e-e8564ce9f7ce}</UniqueIdentifier>
    </Filter>
    <Filter Include="Source Files\Widget">
      <UniqueIdentifier>{8abcfe9f-0103-46c3-b0c8-3bf4d8ff213a}</UniqueIdentifier>
    </Filter>
    <Filter Include="Header Files\Screen">
      <UniqueIdentifier>{b2766dc1-8cbb-412e-9002-af21b777afcd}</UniqueIdentifier>
    </Filter>
    <Filter Include="Source Files\Screen">
      <UniqueIdentifier>{9c838c1b-4970-44d7-9ffb-5a5cba874c0f}</UniqueIdentifier>
    </Filter>
    <Filter Include="Header Files\TeachingBox">
      <UniqueIdentifier>{fb294944-ad0f-487a-be24-dd5669e06daa}</UniqueIdentifier>
    </Filter>
    <Filter Include="Source Files\TeachingBox">
      <UniqueIdentifier>{f3d9cb6a-a09a-4594-b34d-8476015aff4b}</UniqueIdentifier>
    </Filter>
    <Filter Include="Header Files\Context">
      <UniqueIdentifier>{a1b74205-e610-4296-9d82-b6a60a1c5e59}</UniqueIdentifier>
    </Filter>
    <Filter Include="Header Files\Screen\Screen">
      <UniqueIdentifier>{e37fcda1-d983-493c-b56b-7cf734c95e09}</UniqueIdentifier>
    </Filter>
    <Filter Include="Source Files\Screen\Screen">
      <UniqueIdentifier>{eb4d9d29-aaee-42cc-b508-91b41818841e}</UniqueIdentifier>
    </Filter>
    <Filter Include="Header Files\Screen\ScreenMain">
      <UniqueIdentifier>{5706a00a-aff2-4cda-a655-67e313f0892c}</UniqueIdentifier>
    </Filter>
    <Filter Include="Source Files\Screen\ScreenMain">
      <UniqueIdentifier>{b88f5f9a-1599-4fce-b2f7-89740d2c20f7}</UniqueIdentifier>
    </Filter>
    <Filter Include="Source Files\Context">
      <UniqueIdentifier>{47204817-e217-4180-9321-0b6180b1fe39}</UniqueIdentifier>
    </Filter>
    <Filter Include="Header Files\Function">
      <UniqueIdentifier>{29416ebf-0e44-4df4-bb91-01954c50ea89}</UniqueIdentifier>
    </Filter>
    <Filter Include="Header Files\Screen\ScreenService">
      <UniqueIdentifier>{c126758a-133a-4f19-977b-7fd6fcbde27e}</UniqueIdentifier>
    </Filter>
    <Filter Include="Source Files\Screen\ScreenService">
      <UniqueIdentifier>{6484afed-bab7-434d-88f5-228c2816f72b}</UniqueIdentifier>
    </Filter>
    <Filter Include="Header Files\Screen\Screen\Widget">
      <UniqueIdentifier>{a6bc366f-2b27-479a-806b-b03fed2d72e9}</UniqueIdentifier>
    </Filter>
    <Filter Include="Source Files\Screen\Screen\Widget">
      <UniqueIdentifier>{7eb4feae-ff76-4c61-8483-230a46e92282}</UniqueIdentifier>
    </Filter>
    <Filter Include="Header Files\User">
      <UniqueIdentifier>{09caee7b-73aa-4d19-a90f-f62459fd1510}</UniqueIdentifier>
    </Filter>
    <Filter Include="Source Files\User">
      <UniqueIdentifier>{0d03b261-a3bc-43c0-9bf6-cdd5f86c47e3}</UniqueIdentifier>
    </Filter>
    <Filter Include="Header Files\DataPersistence">
      <UniqueIdentifier>{6d9fa92a-56c8-470d-a169-cf273a5c4b6e}</UniqueIdentifier>
    </Filter>
    <Filter Include="Source Files\DataPersistence">
      <UniqueIdentifier>{a686bc96-08e3-430d-806a-73cecf692ca7}</UniqueIdentifier>
    </Filter>
    <Filter Include="Header Files\Exception">
      <UniqueIdentifier>{2038dbc6-06bb-4b28-b98c-7a0c871780a3}</UniqueIdentifier>
    </Filter>
    <Filter Include="Header Files\Screen\ScreenService\UserManager">
      <UniqueIdentifier>{79a52ea2-3886-4d24-90c1-124bc611beee}</UniqueIdentifier>
    </Filter>
    <Filter Include="Source Files\Screen\ScreenService\UserManager">
      <UniqueIdentifier>{0526e658-e12e-4b6e-b0dd-772ef334c7f2}</UniqueIdentifier>
    </Filter>
    <Filter Include="Source Files\Exception">
      <UniqueIdentifier>{85ac0e42-bda8-45f5-8292-901e26e757b9}</UniqueIdentifier>
    </Filter>
    <Filter Include="Header Files\Screen\ScreenVariate">
      <UniqueIdentifier>{bb86e6d1-1759-49e7-b229-bd59402eaf48}</UniqueIdentifier>
    </Filter>
    <Filter Include="Header Files\Variate">
      <UniqueIdentifier>{54043be8-f4d1-4cdb-8edd-4b277d1f547f}</UniqueIdentifier>
    </Filter>
    <Filter Include="Source Files\Screen\ScreenVariate">
      <UniqueIdentifier>{e6cb7dc5-ed0b-4df8-bacc-b582f2d6f777}</UniqueIdentifier>
    </Filter>
    <Filter Include="Source Files\Variate">
      <UniqueIdentifier>{424b575f-7e28-42f3-817d-e7d2759daf4e}</UniqueIdentifier>
    </Filter>
    <Filter Include="Header Files\Widget\Keyboard">
      <UniqueIdentifier>{f0aa7b93-42a0-40af-865c-88a2dd77caf7}</UniqueIdentifier>
    </Filter>
    <Filter Include="Source Files\Widget\Keyboard">
      <UniqueIdentifier>{12de226b-555c-4b3e-9e37-35b641db9a83}</UniqueIdentifier>
    </Filter>
    <Filter Include="Header Files\Screen\ScreenVariate\TreeWidget">
      <UniqueIdentifier>{d1475459-5d01-4fa8-84ad-cc22dc3234e7}</UniqueIdentifier>
    </Filter>
    <Filter Include="Source Files\Screen\ScreenVariate\TreeWidget">
      <UniqueIdentifier>{13a51189-ba57-4adb-8873-5f104a7cdf85}</UniqueIdentifier>
    </Filter>
    <Filter Include="Header Files\Variate\Variate">
      <UniqueIdentifier>{a196207d-ed50-41a3-95f4-38f72c9edc91}</UniqueIdentifier>
    </Filter>
    <Filter Include="Header Files\Screen\ScreenProject">
      <UniqueIdentifier>{41a82332-187b-4449-bdd1-0c8aadbb22ee}</UniqueIdentifier>
    </Filter>
    <Filter Include="Header Files\Screen\ScreenProgram">
      <UniqueIdentifier>{ca5055d9-cdce-47d0-8f93-be62eb58cd81}</UniqueIdentifier>
    </Filter>
    <Filter Include="Source Files\Variate\Variate">
      <UniqueIdentifier>{477b747c-f4f4-4989-bdc4-f2d42ea864fd}</UniqueIdentifier>
    </Filter>
    <Filter Include="Source Files\Screen\ScreenProject">
      <UniqueIdentifier>{48021f86-7be7-49a6-909c-c2b5863f66d6}</UniqueIdentifier>
    </Filter>
    <Filter Include="Source Files\Screen\ScreenProgram">
      <UniqueIdentifier>{0a4851bc-f95c-4c1e-9bb8-b3f6990f13de}</UniqueIdentifier>
    </Filter>
    <Filter Include="Header Files\Test">
      <UniqueIdentifier>{9a1f3381-1d15-43b8-9385-d3c444299eeb}</UniqueIdentifier>
    </Filter>
    <Filter Include="Source Files\Test">
      <UniqueIdentifier>{143323a8-8a2e-49b5-9888-c8240c0e2069}</UniqueIdentifier>
    </Filter>
    <Filter Include="Header Files\Interpreter">
      <UniqueIdentifier>{8c2e972f-7b83-4887-b572-6e69539e0837}</UniqueIdentifier>
    </Filter>
    <Filter Include="Header Files\Interpreter\Token">
      <UniqueIdentifier>{b4bb9459-2598-4857-ad1f-aa0c74504825}</UniqueIdentifier>
    </Filter>
    <Filter Include="Source Files\Interpreter">
      <UniqueIdentifier>{a12861c0-e1e8-4b9a-b0c9-c0edba2df0cd}</UniqueIdentifier>
    </Filter>
    <Filter Include="Source Files\Interpreter\Token">
      <UniqueIdentifier>{ac0e08bf-b81e-46c2-8116-1005c46a5478}</UniqueIdentifier>
    </Filter>
    <Filter Include="Header Files\Interpreter\TAstNode">
      <UniqueIdentifier>{ad6f182d-12da-4a41-a4ed-98d97433492b}</UniqueIdentifier>
    </Filter>
    <Filter Include="Source Files\Interpreter\TAstNode">
      <UniqueIdentifier>{e217b0ee-6b58-492f-9f63-aef2b6f41973}</UniqueIdentifier>
    </Filter>
    <Filter Include="Header Files\Interpreter\TAstNode\For">
      <UniqueIdentifier>{dd7d95b9-17cf-4228-ac5e-ab7c2d4e809d}</UniqueIdentifier>
    </Filter>
    <Filter Include="Header Files\Interpreter\TAstNode\If">
      <UniqueIdentifier>{279c89d7-f9b5-462a-9877-3ee67a1da151}</UniqueIdentifier>
    </Filter>
    <Filter Include="Header Files\Interpreter\TAstNode\Assign">
      <UniqueIdentifier>{1a66242b-d394-41f2-91a2-300b3e43e9a6}</UniqueIdentifier>
    </Filter>
    <Filter Include="Header Files\Interpreter\TAstNode\Macro">
      <UniqueIdentifier>{5ba4daa7-fba2-41d6-a71a-d1624e9d46bb}</UniqueIdentifier>
    </Filter>
    <Filter Include="Source Files\Interpreter\TAstNode\For">
      <UniqueIdentifier>{67aba7a7-6227-423f-aff3-180d16428507}</UniqueIdentifier>
    </Filter>
    <Filter Include="Source Files\Interpreter\TAstNode\If">
      <UniqueIdentifier>{e0457c23-3975-4afe-a96f-9269bd49a385}</UniqueIdentifier>
    </Filter>
    <Filter Include="Source Files\Interpreter\TAstNode\Macro">
      <UniqueIdentifier>{bdd40d49-af1a-48f2-ae8e-1fd2f902ff11}</UniqueIdentifier>
    </Filter>
    <Filter Include="Source Files\Interpreter\TAstNode\Assign">
      <UniqueIdentifier>{f891d2b3-4daf-40f9-a931-717801f46b52}</UniqueIdentifier>
    </Filter>
    <Filter Include="Source Files\Interpreter\TAstNode\Program">
      <UniqueIdentifier>{cac06fea-ce74-4435-a90e-cccd73cbdadb}</UniqueIdentifier>
    </Filter>
    <Filter Include="Header Files\Interpreter\TAstNode\Program">
      <UniqueIdentifier>{39f72c61-b71e-4dd5-9c65-f505dc28f225}</UniqueIdentifier>
    </Filter>
    <Filter Include="Header Files\Init">
      <UniqueIdentifier>{e70d6548-9174-4a84-8834-b56d838f3b4f}</UniqueIdentifier>
    </Filter>
    <Filter Include="Source Files\Init">
      <UniqueIdentifier>{058f86c2-1431-4077-85d3-73d253bb0388}</UniqueIdentifier>
    </Filter>
    <Filter Include="Header Files\Remote">
      <UniqueIdentifier>{1911943f-48d3-4718-8702-02ec4eb9f5e3}</UniqueIdentifier>
    </Filter>
    <Filter Include="Source Files\Remote">
      <UniqueIdentifier>{5027c1a5-431b-438a-8f97-9fdc470ecece}</UniqueIdentifier>
    </Filter>
    <Filter Include="Header Files\Screen\ScreenService\Network">
      <UniqueIdentifier>{524dae68-f012-4e45-b67e-fe03ab8ce7f3}</UniqueIdentifier>
    </Filter>
    <Filter Include="Source Files\Screen\ScreenService\Network">
      <UniqueIdentifier>{13f30e41-0f9a-48c6-aad4-a93607d5bbf4}</UniqueIdentifier>
    </Filter>
    <Filter Include="Header Files\Screen\ScreenProgram\Macro">
      <UniqueIdentifier>{2bac3b7c-e9ca-46ce-b56f-9b4e1f3de8d0}</UniqueIdentifier>
    </Filter>
    <Filter Include="Header Files\Screen\ScreenProgram\Macro\MacroWidget">
      <UniqueIdentifier>{537dffce-adcb-4f8a-970c-d854fac4751c}</UniqueIdentifier>
    </Filter>
    <Filter Include="Header Files\Screen\ScreenProgram\Macro\MacroSeletor">
      <UniqueIdentifier>{33a7bf08-137e-4bfa-8357-99410de74cab}</UniqueIdentifier>
    </Filter>
    <Filter Include="Header Files\Variate\VariateWidget">
      <UniqueIdentifier>{67676c09-d166-49e1-9852-917db685df40}</UniqueIdentifier>
    </Filter>
    <Filter Include="Source Files\Screen\ScreenProgram\Macro">
      <UniqueIdentifier>{adedf3ec-071a-427b-829a-b635e22167a1}</UniqueIdentifier>
    </Filter>
    <Filter Include="Source Files\Screen\ScreenProgram\Macro\MacroWidget">
      <UniqueIdentifier>{5133a2aa-049c-4548-a183-4e3d4546c286}</UniqueIdentifier>
    </Filter>
    <Filter Include="Source Files\Screen\ScreenProgram\Macro\MacroSeletor">
      <UniqueIdentifier>{b76be5ed-9000-4855-a098-759e3449bbaa}</UniqueIdentifier>
    </Filter>
    <Filter Include="Source Files\Variate\VariateWidget">
      <UniqueIdentifier>{4abc844e-b120-41c0-9e77-8a071f0364b8}</UniqueIdentifier>
    </Filter>
    <Filter Include="Header Files\Screen\ScreenCoordinate">
      <UniqueIdentifier>{ddb85546-139d-4402-8937-8b75b75a6e67}</UniqueIdentifier>
    </Filter>
    <Filter Include="Source Files\Screen\ScreenCoordinate">
      <UniqueIdentifier>{95344555-df71-4c6a-9697-e52e75022941}</UniqueIdentifier>
    </Filter>
    <Filter Include="Source Files\Variate\Variate\Base">
      <UniqueIdentifier>{a222d69d-0cee-4c84-8def-5ae33216d67d}</UniqueIdentifier>
    </Filter>
    <Filter Include="Source Files\Variate\Variate\Coordinate">
      <UniqueIdentifier>{991f054a-3f7a-49a6-9e1b-690589c65122}</UniqueIdentifier>
    </Filter>
    <Filter Include="Header Files\Variate\Variate\Base">
      <UniqueIdentifier>{14344c0a-be76-4c2a-83e1-dadca04614f2}</UniqueIdentifier>
    </Filter>
    <Filter Include="Header Files\Variate\Variate\Coordinate">
      <UniqueIdentifier>{0f0b144a-ac85-4f35-afb0-a2d29f41ed95}</UniqueIdentifier>
    </Filter>
    <Filter Include="Header Files\Variate\VariateWidget\NewWidget">
      <UniqueIdentifier>{3b7206a8-59bf-43a3-9e23-7b518393a80f}</UniqueIdentifier>
    </Filter>
    <Filter Include="Source Files\Variate\VariateWidget\NewWidget">
      <UniqueIdentifier>{1f18ebf1-ddca-4245-bd4a-7d9741a20062}</UniqueIdentifier>
    </Filter>
    <Filter Include="Header Files\Variate\VariateWidget\NewWidget\VariateValueTreeWidget">
      <UniqueIdentifier>{fac5b6e7-0605-4e0d-bf94-3c768d952aa7}</UniqueIdentifier>
    </Filter>
    <Filter Include="Source Files\Variate\VariateWidget\NewWidget\VariateValueTreeWidget">
      <UniqueIdentifier>{c57f88dd-0507-49a2-b850-16abb51ae8db}</UniqueIdentifier>
    </Filter>
    <Filter Include="Header Files\Variate\VariateValue">
      <UniqueIdentifier>{1b0ff495-b0c8-444f-8c94-5e968ea7fec3}</UniqueIdentifier>
    </Filter>
    <Filter Include="Source Files\Variate\VariateValue">
      <UniqueIdentifier>{7d207d37-c9ab-4b92-b007-6307d34540b5}</UniqueIdentifier>
    </Filter>
    <Filter Include="Source Files\Screen\ScreenProgram\CodeEditor">
      <UniqueIdentifier>{c55e8140-1440-4c34-8060-932d4578e509}</UniqueIdentifier>
    </Filter>
    <Filter Include="Header Files\Screen\ScreenProgram\CodeEditor">
      <UniqueIdentifier>{7a037f2a-c1e4-4037-8a17-1bc7e5b89624}</UniqueIdentifier>
    </Filter>
    <Filter Include="Source Files\Function">
      <UniqueIdentifier>{709be137-b938-4d97-8d5a-20013f927e3b}</UniqueIdentifier>
    </Filter>
    <Filter Include="Header Files\Variate\VariateInfo">
      <UniqueIdentifier>{72ba00db-6d4b-49c2-a21b-265dc2150dd1}</UniqueIdentifier>
    </Filter>
    <Filter Include="Source Files\Variate\VariateInfo">
      <UniqueIdentifier>{ea4fd074-31ee-4ac0-8491-3ac57f4cd0a7}</UniqueIdentifier>
    </Filter>
    <Filter Include="Header Files\Screen\ScreenWarning">
      <UniqueIdentifier>{182e7d05-f6f8-4e88-85a5-8e91cd81cc53}</UniqueIdentifier>
    </Filter>
    <Filter Include="Source Files\Screen\ScreenWarning">
      <UniqueIdentifier>{9da63a74-018f-47ce-b743-f385d35a8e6f}</UniqueIdentifier>
    </Filter>
    <Filter Include="Header Files\Screen\ScreenCoordinate\ReferenceSystemDialog">
      <UniqueIdentifier>{27e39adf-09db-41e1-ab40-8685afac62df}</UniqueIdentifier>
    </Filter>
    <Filter Include="Header Files\Screen\ScreenCoordinate\ToolSystemDialog">
      <UniqueIdentifier>{72b55fd1-eb46-4a8c-a40a-2de31c6f9ef3}</UniqueIdentifier>
    </Filter>
    <Filter Include="Source Files\Screen\ScreenCoordinate\ReferenceSystemDialog">
      <UniqueIdentifier>{ac0c5890-9a04-4507-94f5-56e417aa5247}</UniqueIdentifier>
    </Filter>
    <Filter Include="Source Files\Screen\ScreenCoordinate\ToolSystemDialog">
      <UniqueIdentifier>{900ab05e-7477-47b7-9231-1613a724b652}</UniqueIdentifier>
    </Filter>
    <Filter Include="Header Files\Screen\ScreenCoordinate\SystemDialog">
      <UniqueIdentifier>{b7b36050-9278-48d1-b690-e777592dfa30}</UniqueIdentifier>
    </Filter>
    <Filter Include="Source Files\Screen\ScreenCoordinate\SystemDialog">
      <UniqueIdentifier>{38150667-1f7d-4960-bb79-8538bfa7eb79}</UniqueIdentifier>
    </Filter>
  </ItemGroup>
  <ItemGroup>
    <ClCompile Include="main.cpp">
      <Filter>Source Files</Filter>
    </ClCompile>
    <ClCompile Include="GeneratedFiles\qrc_teachingbox.cpp">
      <Filter>Generated Files</Filter>
    </ClCompile>
    <ClCompile Include="GeneratedFiles\Debug\moc_TeachingBox.cpp">
      <Filter>Generated Files\Debug</Filter>
    </ClCompile>
    <ClCompile Include="GeneratedFiles\Release\moc_TeachingBox.cpp">
      <Filter>Generated Files\Release</Filter>
    </ClCompile>
    <ClCompile Include="GeneratedFiles\Debug\moc_WarningLight.cpp">
      <Filter>Generated Files\Debug</Filter>
    </ClCompile>
    <ClCompile Include="GeneratedFiles\Release\moc_WarningLight.cpp">
      <Filter>Generated Files\Release</Filter>
    </ClCompile>
    <ClCompile Include="GeneratedFiles\Debug\moc_InternationalWidget.cpp">
      <Filter>Generated Files\Debug</Filter>
    </ClCompile>
    <ClCompile Include="GeneratedFiles\Release\moc_InternationalWidget.cpp">
      <Filter>Generated Files\Release</Filter>
    </ClCompile>
    <ClCompile Include="InternationalWidget.cpp">
      <Filter>Source Files\Widget</Filter>
    </ClCompile>
    <ClCompile Include="Button.cpp">
      <Filter>Source Files\Widget</Filter>
    </ClCompile>
    <ClCompile Include="TeachingBox.cpp">
      <Filter>Source Files\TeachingBox</Filter>
    </ClCompile>
    <ClCompile Include="WarningLight.cpp">
      <Filter>Source Files\TeachingBox</Filter>
    </ClCompile>
    <ClCompile Include="Screen.cpp">
      <Filter>Source Files\Screen\Screen</Filter>
    </ClCompile>
    <ClCompile Include="ScreenAxis.cpp">
      <Filter>Source Files\Screen\Screen</Filter>
    </ClCompile>
    <ClCompile Include="ScreenState.cpp">
      <Filter>Source Files\Screen\Screen</Filter>
    </ClCompile>
    <ClCompile Include="ScreenSetting.cpp">
      <Filter>Source Files\Screen\ScreenService</Filter>
    </ClCompile>
    <ClCompile Include="TeachingBoxContext.cpp">
      <Filter>Source Files\Context</Filter>
    </ClCompile>
    <ClCompile Include="ScreenMainParent.cpp">
      <Filter>Source Files\Screen\ScreenMain</Filter>
    </ClCompile>
    <ClCompile Include="ScreenService.cpp">
      <Filter>Source Files\Screen\ScreenService</Filter>
    </ClCompile>
    <ClCompile Include="GeneratedFiles\Debug\moc_ScreenService.cpp">
      <Filter>Generated Files\Debug</Filter>
    </ClCompile>
    <ClCompile Include="GeneratedFiles\Release\moc_ScreenService.cpp">
      <Filter>Generated Files\Release</Filter>
    </ClCompile>
    <ClCompile Include="GeneratedFiles\Debug\moc_ScreenSetting.cpp">
      <Filter>Generated Files\Debug</Filter>
    </ClCompile>
    <ClCompile Include="GeneratedFiles\Release\moc_ScreenSetting.cpp">
      <Filter>Generated Files\Release</Filter>
    </ClCompile>
    <ClCompile Include="GeneratedFiles\Debug\moc_ScreenUserManager.cpp">
      <Filter>Generated Files\Debug</Filter>
    </ClCompile>
    <ClCompile Include="GeneratedFiles\Release\moc_ScreenUserManager.cpp">
      <Filter>Generated Files\Release</Filter>
    </ClCompile>
    <ClCompile Include="GeneratedFiles\Debug\moc_ScreenNetwork.cpp">
      <Filter>Generated Files\Debug</Filter>
    </ClCompile>
    <ClCompile Include="GeneratedFiles\Release\moc_ScreenNetwork.cpp">
      <Filter>Generated Files\Release</Filter>
    </ClCompile>
    <ClCompile Include="LabelWithBorder.cpp">
      <Filter>Source Files\Screen\Screen\Widget</Filter>
    </ClCompile>
    <ClCompile Include="User.cpp">
      <Filter>Source Files\User</Filter>
    </ClCompile>
    <ClCompile Include="Language.cpp">
      <Filter>Source Files\User</Filter>
    </ClCompile>
    <ClCompile Include="ScreenUser.cpp">
      <Filter>Source Files\Screen\ScreenService</Filter>
    </ClCompile>
    <ClCompile Include="ScreenUserManager.cpp">
      <Filter>Source Files\Screen\ScreenService\UserManager</Filter>
    </ClCompile>
    <ClCompile Include="GeneratedFiles\Debug\moc_DialogEditUser.cpp">
      <Filter>Generated Files\Debug</Filter>
    </ClCompile>
    <ClCompile Include="GeneratedFiles\Release\moc_DialogEditUser.cpp">
      <Filter>Generated Files\Release</Filter>
    </ClCompile>
    <ClCompile Include="DialogEditUser.cpp">
      <Filter>Source Files\Screen\ScreenService\UserManager</Filter>
    </ClCompile>
    <ClCompile Include="Exception.cpp">
      <Filter>Source Files\Exception</Filter>
    </ClCompile>
    <ClCompile Include="DatabaseHelper.cpp">
      <Filter>Source Files\DataPersistence</Filter>
    </ClCompile>
    <ClCompile Include="UserDatabase.cpp">
      <Filter>Source Files\DataPersistence</Filter>
    </ClCompile>
    <ClCompile Include="GeneratedFiles\Debug\moc_ScreenVariate.cpp">
      <Filter>Generated Files\Debug</Filter>
    </ClCompile>
    <ClCompile Include="GeneratedFiles\Release\moc_ScreenVariate.cpp">
      <Filter>Generated Files\Release</Filter>
    </ClCompile>
    <ClCompile Include="ScreenManager.cpp">
      <Filter>Source Files\Screen\ScreenMain</Filter>
    </ClCompile>
    <ClCompile Include="ScreenVariate.cpp">
      <Filter>Source Files\Screen\ScreenVariate</Filter>
    </ClCompile>
    <ClCompile Include="ButtonGroup.cpp">
      <Filter>Source Files\Widget</Filter>
    </ClCompile>
    <ClCompile Include="GeneratedFiles\Debug\moc_TVariate.cpp">
      <Filter>Generated Files\Debug</Filter>
    </ClCompile>
    <ClCompile Include="GeneratedFiles\Release\moc_TVariate.cpp">
      <Filter>Generated Files\Release</Filter>
    </ClCompile>
    <ClCompile Include="GeneratedFiles\Debug\moc_TSymbol.cpp">
      <Filter>Generated Files\Debug</Filter>
    </ClCompile>
    <ClCompile Include="GeneratedFiles\Release\moc_TSymbol.cpp">
      <Filter>Generated Files\Release</Filter>
    </ClCompile>
    <ClCompile Include="GeneratedFiles\Debug\moc_TInteger.cpp">
      <Filter>Generated Files\Debug</Filter>
    </ClCompile>
    <ClCompile Include="GeneratedFiles\Release\moc_TInteger.cpp">
      <Filter>Generated Files\Release</Filter>
    </ClCompile>
    <ClCompile Include="GeneratedFiles\Debug\moc_TString.cpp">
      <Filter>Generated Files\Debug</Filter>
    </ClCompile>
    <ClCompile Include="GeneratedFiles\Release\moc_TString.cpp">
      <Filter>Generated Files\Release</Filter>
    </ClCompile>
    <ClCompile Include="GeneratedFiles\Debug\moc_TDouble.cpp">
      <Filter>Generated Files\Debug</Filter>
    </ClCompile>
    <ClCompile Include="GeneratedFiles\Release\moc_TDouble.cpp">
      <Filter>Generated Files\Release</Filter>
    </ClCompile>
    <ClCompile Include="GeneratedFiles\Debug\moc_TBool.cpp">
      <Filter>Generated Files\Debug</Filter>
    </ClCompile>
    <ClCompile Include="GeneratedFiles\Release\moc_TBool.cpp">
      <Filter>Generated Files\Release</Filter>
    </ClCompile>
    <ClCompile Include="TSymbol.cpp">
      <Filter>Source Files\Variate</Filter>
    </ClCompile>
    <ClCompile Include="GeneratedFiles\Debug\moc_LineEditWithRegExpAndKeyboard.cpp">
      <Filter>Generated Files\Debug</Filter>
    </ClCompile>
    <ClCompile Include="GeneratedFiles\Release\moc_LineEditWithRegExpAndKeyboard.cpp">
      <Filter>Generated Files\Release</Filter>
    </ClCompile>
    <ClCompile Include="GeneratedFiles\Debug\moc_Keyboard.cpp">
      <Filter>Generated Files\Debug</Filter>
    </ClCompile>
    <ClCompile Include="GeneratedFiles\Release\moc_Keyboard.cpp">
      <Filter>Generated Files\Release</Filter>
    </ClCompile>
    <ClCompile Include="GeneratedFiles\Debug\moc_ComboBoxInTree.cpp">
      <Filter>Generated Files\Debug</Filter>
    </ClCompile>
    <ClCompile Include="GeneratedFiles\Release\moc_ComboBoxInTree.cpp">
      <Filter>Generated Files\Release</Filter>
    </ClCompile>
    <ClCompile Include="Keyboard.cpp">
      <Filter>Source Files\Widget\Keyboard</Filter>
    </ClCompile>
    <ClCompile Include="TreeWidgetItemWithVariate.cpp">
      <Filter>Source Files\Screen\ScreenVariate\TreeWidget</Filter>
    </ClCompile>
    <ClCompile Include="WarningManager.cpp">
      <Filter>Source Files\Exception</Filter>
    </ClCompile>
    <ClCompile Include="LineEditWithRegExpAndKeyboard.cpp">
      <Filter>Source Files\Widget\Keyboard</Filter>
    </ClCompile>
    <ClCompile Include="ComboBoxInTree.cpp">
      <Filter>Source Files\Screen\ScreenVariate\TreeWidget</Filter>
    </ClCompile>
    <ClCompile Include="LineEditInTree.cpp">
      <Filter>Source Files\Screen\ScreenVariate\TreeWidget</Filter>
    </ClCompile>
    <ClCompile Include="WidgetItemInTree.cpp">
      <Filter>Source Files\Screen\ScreenVariate\TreeWidget</Filter>
    </ClCompile>
    <ClCompile Include="GeneratedFiles\Debug\moc_DialogNewVariate.cpp">
      <Filter>Generated Files\Debug</Filter>
    </ClCompile>
    <ClCompile Include="GeneratedFiles\Release\moc_DialogNewVariate.cpp">
      <Filter>Generated Files\Release</Filter>
    </ClCompile>
    <ClCompile Include="KeyboardButton.cpp">
      <Filter>Source Files\Widget\Keyboard</Filter>
    </ClCompile>
    <ClCompile Include="VariateDatabase.cpp">
      <Filter>Source Files\DataPersistence</Filter>
    </ClCompile>
    <ClCompile Include="GeneratedFiles\Debug\moc_TVariateManager.cpp">
      <Filter>Generated Files\Debug</Filter>
    </ClCompile>
    <ClCompile Include="GeneratedFiles\Release\moc_TVariateManager.cpp">
      <Filter>Generated Files\Release</Filter>
    </ClCompile>
    <ClCompile Include="TVariateManager.cpp">
      <Filter>Source Files\Variate</Filter>
    </ClCompile>
    <ClCompile Include="TScope.cpp">
      <Filter>Source Files\Variate</Filter>
    </ClCompile>
    <ClCompile Include="TVariateFactory.cpp">
      <Filter>Source Files\Variate</Filter>
    </ClCompile>
    <ClCompile Include="ProjectContext.cpp">
      <Filter>Source Files\Context</Filter>
    </ClCompile>
    <ClCompile Include="Context.cpp">
      <Filter>Source Files\Context</Filter>
    </ClCompile>
    <ClCompile Include="GeneratedFiles\Debug\moc_ScreenProject.cpp">
      <Filter>Generated Files\Debug</Filter>
    </ClCompile>
    <ClCompile Include="GeneratedFiles\Release\moc_ScreenProject.cpp">
      <Filter>Generated Files\Release</Filter>
    </ClCompile>
    <ClCompile Include="TOverlap.cpp">
      <Filter>Source Files\Variate\Variate</Filter>
    </ClCompile>
    <ClCompile Include="TPosition.cpp">
      <Filter>Source Files\Variate\Variate</Filter>
    </ClCompile>
    <ClCompile Include="TVariate.cpp">
      <Filter>Source Files\Variate\Variate</Filter>
    </ClCompile>
    <ClCompile Include="ScreenProject.cpp">
      <Filter>Source Files\Screen\ScreenProject</Filter>
    </ClCompile>
    <ClCompile Include="ProjectManager.cpp">
      <Filter>Source Files\Screen\ScreenProject</Filter>
    </ClCompile>
    <ClCompile Include="GeneratedFiles\Debug\moc_ScreenProgram.cpp">
      <Filter>Generated Files\Debug</Filter>
    </ClCompile>
    <ClCompile Include="GeneratedFiles\Release\moc_ScreenProgram.cpp">
      <Filter>Generated Files\Release</Filter>
    </ClCompile>
    <ClCompile Include="ScreenProgram.cpp">
      <Filter>Source Files\Screen\ScreenProgram</Filter>
    </ClCompile>
    <ClCompile Include="GeneratedFiles\Debug\moc_CodeEditor.cpp">
      <Filter>Generated Files\Debug</Filter>
    </ClCompile>
    <ClCompile Include="GeneratedFiles\Release\moc_CodeEditor.cpp">
      <Filter>Generated Files\Release</Filter>
    </ClCompile>
    <ClCompile Include="GeneratedFiles\Debug\moc_TestTreeWdigetItem.cpp">
      <Filter>Generated Files\Debug</Filter>
    </ClCompile>
    <ClCompile Include="GeneratedFiles\Release\moc_TestTreeWdigetItem.cpp">
      <Filter>Generated Files\Release</Filter>
    </ClCompile>
    <ClCompile Include="TestTreeWdigetItem.cpp">
      <Filter>Source Files\Test</Filter>
    </ClCompile>
    <ClCompile Include="DialogParent.cpp">
      <Filter>Source Files\Widget</Filter>
    </ClCompile>
    <ClCompile Include="GeneratedFiles\Debug\moc_DialogNewMacro.cpp">
      <Filter>Generated Files\Debug</Filter>
    </ClCompile>
    <ClCompile Include="GeneratedFiles\Release\moc_DialogNewMacro.cpp">
      <Filter>Generated Files\Release</Filter>
    </ClCompile>
    <ClCompile Include="TToken.cpp">
      <Filter>Source Files\Interpreter\Token</Filter>
    </ClCompile>
    <ClCompile Include="TTokenType.cpp">
      <Filter>Source Files\Interpreter\Token</Filter>
    </ClCompile>
    <ClCompile Include="TAstNode.cpp">
      <Filter>Source Files\Interpreter\TAstNode</Filter>
    </ClCompile>
    <ClCompile Include="TAstNodeFactory.cpp">
      <Filter>Source Files\Interpreter\TAstNode</Filter>
    </ClCompile>
    <ClCompile Include="TInterpreterException.cpp">
      <Filter>Source Files\Exception</Filter>
    </ClCompile>
    <ClCompile Include="TLexer.cpp">
      <Filter>Source Files\Interpreter</Filter>
    </ClCompile>
    <ClCompile Include="TAstNodeForSentence.cpp">
      <Filter>Source Files\Interpreter\TAstNode\For</Filter>
    </ClCompile>
    <ClCompile Include="TAstNodeNextSentence.cpp">
      <Filter>Source Files\Interpreter\TAstNode\For</Filter>
    </ClCompile>
    <ClCompile Include="TAstNodeElseIfSentence.cpp">
      <Filter>Source Files\Interpreter\TAstNode\If</Filter>
    </ClCompile>
    <ClCompile Include="TAstNodeElseSentence.cpp">
      <Filter>Source Files\Interpreter\TAstNode\If</Filter>
    </ClCompile>
    <ClCompile Include="TAstNodeEndIfSentence.cpp">
      <Filter>Source Files\Interpreter\TAstNode\If</Filter>
    </ClCompile>
    <ClCompile Include="TAstNodeIfSentence.cpp">
      <Filter>Source Files\Interpreter\TAstNode\If</Filter>
    </ClCompile>
    <ClCompile Include="TAstNodeAssignSentence.cpp">
      <Filter>Source Files\Interpreter\TAstNode\Assign</Filter>
    </ClCompile>
    <ClCompile Include="TAstNodeOperator.cpp">
      <Filter>Source Files\Interpreter\TAstNode\Assign</Filter>
    </ClCompile>
    <ClCompile Include="TAstNodeRoot.cpp">
      <Filter>Source Files\Interpreter\TAstNode\Program</Filter>
    </ClCompile>
    <ClCompile Include="TAstNodeProgram.cpp">
      <Filter>Source Files\Interpreter\TAstNode\Program</Filter>
    </ClCompile>
    <ClCompile Include="RegExp.cpp">
      <Filter>Source Files\Init</Filter>
    </ClCompile>
    <ClCompile Include="GeneratedFiles\Debug\moc_TInterpreterThread.cpp">
      <Filter>Generated Files\Debug</Filter>
    </ClCompile>
    <ClCompile Include="GeneratedFiles\Release\moc_TInterpreterThread.cpp">
      <Filter>Generated Files\Release</Filter>
    </ClCompile>
    <ClCompile Include="GeneratedFiles\Debug\moc_InterpreterManager.cpp">
      <Filter>Generated Files\Debug</Filter>
    </ClCompile>
    <ClCompile Include="GeneratedFiles\Release\moc_InterpreterManager.cpp">
      <Filter>Generated Files\Release</Filter>
    </ClCompile>
    <ClCompile Include="InterpreterManager.cpp">
      <Filter>Source Files\Interpreter</Filter>
    </ClCompile>
    <ClCompile Include="TInterpreterThread.cpp">
      <Filter>Source Files\Interpreter</Filter>
    </ClCompile>
    <ClCompile Include="InterpreterContext.cpp">
      <Filter>Source Files\Context</Filter>
    </ClCompile>
    <ClCompile Include="GeneratedFiles\Debug\moc_TcpManager.cpp">
      <Filter>Generated Files\Debug</Filter>
    </ClCompile>
    <ClCompile Include="GeneratedFiles\Release\moc_TcpManager.cpp">
      <Filter>Generated Files\Release</Filter>
    </ClCompile>
    <ClCompile Include="GeneratedFiles\Debug\moc_TcpAdapter.cpp">
      <Filter>Generated Files\Debug</Filter>
    </ClCompile>
    <ClCompile Include="GeneratedFiles\Release\moc_TcpAdapter.cpp">
      <Filter>Generated Files\Release</Filter>
    </ClCompile>
    <ClCompile Include="TcpManager.cpp">
      <Filter>Source Files\Remote</Filter>
    </ClCompile>
    <ClCompile Include="TcpAdapter.cpp">
      <Filter>Source Files\Remote</Filter>
    </ClCompile>
    <ClCompile Include="RemoteManager.cpp">
      <Filter>Source Files\Remote</Filter>
    </ClCompile>
    <ClCompile Include="GeneratedFiles\Debug\moc_DialogNewAddress.cpp">
      <Filter>Generated Files\Debug</Filter>
    </ClCompile>
    <ClCompile Include="GeneratedFiles\Release\moc_DialogNewAddress.cpp">
      <Filter>Generated Files\Release</Filter>
    </ClCompile>
    <ClCompile Include="TAstNodeGosubSentence.cpp">
      <Filter>Source Files\Interpreter\TAstNode</Filter>
    </ClCompile>
    <ClCompile Include="DialogNewAddress.cpp">
      <Filter>Source Files\Screen\ScreenService\Network</Filter>
    </ClCompile>
    <ClCompile Include="ScreenNetwork.cpp">
      <Filter>Source Files\Screen\ScreenService\Network</Filter>
    </ClCompile>
    <ClCompile Include="GeneratedFiles\Debug\moc_RemoteParser.cpp">
      <Filter>Generated Files\Debug</Filter>
    </ClCompile>
    <ClCompile Include="GeneratedFiles\Release\moc_RemoteParser.cpp">
      <Filter>Generated Files\Release</Filter>
    </ClCompile>
    <ClCompile Include="GeneratedFiles\Debug\moc_MacroWidgetParent.cpp">
      <Filter>Generated Files\Debug</Filter>
    </ClCompile>
    <ClCompile Include="GeneratedFiles\Release\moc_MacroWidgetParent.cpp">
      <Filter>Generated Files\Release</Filter>
    </ClCompile>
    <ClCompile Include="MacroWidgetParent.cpp">
      <Filter>Source Files\Screen\ScreenProgram\Macro\MacroWidget</Filter>
    </ClCompile>
    <ClCompile Include="MacroWidgetFactory.cpp">
      <Filter>Source Files\Screen\ScreenProgram\Macro\MacroWidget</Filter>
    </ClCompile>
    <ClCompile Include="DialogNewMacro.cpp">
      <Filter>Source Files\Screen\ScreenProgram\Macro\MacroSeletor</Filter>
    </ClCompile>
    <ClCompile Include="Macro.cpp">
      <Filter>Source Files\Screen\ScreenProgram\Macro\MacroSeletor</Filter>
    </ClCompile>
    <ClCompile Include="RemoteParser.cpp">
      <Filter>Source Files\Remote</Filter>
    </ClCompile>
    <ClCompile Include="MacroWidgetGosub.cpp">
      <Filter>Source Files\Screen\ScreenProgram\Macro\MacroWidget</Filter>
    </ClCompile>
    <ClCompile Include="DynamicController.cpp">
      <Filter>Source Files\TeachingBox</Filter>
    </ClCompile>
    <ClCompile Include="GeneratedFiles\Debug\moc_DynamicController.cpp">
      <Filter>Generated Files\Debug</Filter>
    </ClCompile>
    <ClCompile Include="GeneratedFiles\Release\moc_DynamicController.cpp">
      <Filter>Generated Files\Release</Filter>
    </ClCompile>
    <ClCompile Include="ScreenCoordinate.cpp">
      <Filter>Source Files\Screen\ScreenCoordinate</Filter>
    </ClCompile>
    <ClCompile Include="ScreenReferenceSystem.cpp">
      <Filter>Source Files\Screen\ScreenCoordinate</Filter>
    </ClCompile>
    <ClCompile Include="GeneratedFiles\Debug\moc_ScreenReferenceSystem.cpp">
      <Filter>Generated Files\Debug</Filter>
    </ClCompile>
    <ClCompile Include="GeneratedFiles\Release\moc_ScreenReferenceSystem.cpp">
      <Filter>Generated Files\Release</Filter>
    </ClCompile>
    <ClCompile Include="stdafx.cpp">
      <Filter>Source Files</Filter>
    </ClCompile>
    <ClCompile Include="TBool.cpp">
      <Filter>Source Files\Variate\Variate\Base</Filter>
    </ClCompile>
    <ClCompile Include="TDouble.cpp">
      <Filter>Source Files\Variate\Variate\Base</Filter>
    </ClCompile>
    <ClCompile Include="TInteger.cpp">
      <Filter>Source Files\Variate\Variate\Base</Filter>
    </ClCompile>
    <ClCompile Include="TString.cpp">
      <Filter>Source Files\Variate\Variate\Base</Filter>
    </ClCompile>
    <ClCompile Include="TRefSys.cpp">
      <Filter>Source Files\Variate\Variate\Coordinate</Filter>
    </ClCompile>
    <ClCompile Include="VariateWidgetProducer.cpp">
      <Filter>Source Files\Variate</Filter>
    </ClCompile>
    <ClCompile Include="GeneratedFiles\Debug\moc_ScreenCoordinate.cpp">
      <Filter>Generated Files\Debug</Filter>
    </ClCompile>
    <ClCompile Include="GeneratedFiles\Release\moc_ScreenCoordinate.cpp">
      <Filter>Generated Files\Release</Filter>
    </ClCompile>
    <ClCompile Include="GeneratedFiles\Debug\moc_ScreenToolSystem.cpp">
      <Filter>Generated Files\Debug</Filter>
    </ClCompile>
    <ClCompile Include="GeneratedFiles\Release\moc_ScreenToolSystem.cpp">
      <Filter>Generated Files\Release</Filter>
    </ClCompile>
    <ClCompile Include="GeneratedFiles\Debug\moc_DialogTeachReferenceSystem.cpp">
      <Filter>Generated Files\Debug</Filter>
    </ClCompile>
    <ClCompile Include="GeneratedFiles\Release\moc_DialogTeachReferenceSystem.cpp">
      <Filter>Generated Files\Release</Filter>
    </ClCompile>
    <ClCompile Include="ScreenToolSystem.cpp">
      <Filter>Source Files\Screen\ScreenCoordinate</Filter>
    </ClCompile>
    <ClCompile Include="TToolSys.cpp">
      <Filter>Source Files\Variate\Variate\Coordinate</Filter>
    </ClCompile>
    <ClCompile Include="GeneratedFiles\Debug\moc_RemoteAdapter.cpp">
      <Filter>Generated Files\Debug</Filter>
    </ClCompile>
    <ClCompile Include="GeneratedFiles\Release\moc_RemoteAdapter.cpp">
      <Filter>Generated Files\Release</Filter>
    </ClCompile>
    <ClCompile Include="RemoteFeedbackController.cpp">
      <Filter>Source Files\Remote</Filter>
    </ClCompile>
    <ClCompile Include="RemoteAdapterFactory.cpp">
      <Filter>Source Files\Remote</Filter>
    </ClCompile>
    <ClCompile Include="TreeWidgetItemWithSymbol.cpp">
      <Filter>Source Files\Variate\VariateWidget\NewWidget</Filter>
    </ClCompile>
    <ClCompile Include="IntegerValueTreeWidgetItem.cpp">
      <Filter>Source Files\Variate\VariateWidget\NewWidget\VariateValueTreeWidget</Filter>
    </ClCompile>
    <ClCompile Include="VariateValueTreeWidgetItem.cpp">
      <Filter>Source Files\Variate\VariateWidget\NewWidget\VariateValueTreeWidget</Filter>
    </ClCompile>
    <ClCompile Include="DoubleValueTreeWidgetItem.cpp">
      <Filter>Source Files\Variate\VariateWidget\NewWidget\VariateValueTreeWidget</Filter>
    </ClCompile>
    <ClCompile Include="BoolValueTreeWidgetItem.cpp">
      <Filter>Source Files\Variate\VariateWidget\NewWidget\VariateValueTreeWidget</Filter>
    </ClCompile>
    <ClCompile Include="StringValueTreeWidgetItem.cpp">
      <Filter>Source Files\Variate\VariateWidget\NewWidget\VariateValueTreeWidget</Filter>
    </ClCompile>
    <ClCompile Include="TVariateContext.cpp">
      <Filter>Source Files\Variate</Filter>
    </ClCompile>
    <ClCompile Include="TVariateScopeNode.cpp">
      <Filter>Source Files\Variate</Filter>
    </ClCompile>
    <ClCompile Include="VariateManagerWithHorizonHeader.cpp">
      <Filter>Source Files\Variate\VariateWidget\NewWidget</Filter>
    </ClCompile>
    <ClCompile Include="GeneratedFiles\Debug\moc_VariateValueTreeWidgetItem.cpp">
      <Filter>Generated Files\Debug</Filter>
    </ClCompile>
    <ClCompile Include="GeneratedFiles\Release\moc_VariateValueTreeWidgetItem.cpp">
      <Filter>Generated Files\Release</Filter>
    </ClCompile>
    <ClCompile Include="VariateWidgetMap.cpp">
      <Filter>Source Files\Variate\VariateWidget\NewWidget</Filter>
    </ClCompile>
    <ClCompile Include="VariateManagerWithVerticalHeader.cpp">
      <Filter>Source Files\Variate\VariateWidget\NewWidget</Filter>
    </ClCompile>
    <ClCompile Include="GeneratedFiles\Debug\moc_TreeWidgetItemWithSymbol.cpp">
      <Filter>Generated Files\Debug</Filter>
    </ClCompile>
    <ClCompile Include="GeneratedFiles\Release\moc_TreeWidgetItemWithSymbol.cpp">
      <Filter>Generated Files\Release</Filter>
    </ClCompile>
    <ClCompile Include="GeneratedFiles\Debug\moc_VariateManagerWithHorizonHeader.cpp">
      <Filter>Generated Files\Debug</Filter>
    </ClCompile>
    <ClCompile Include="GeneratedFiles\Release\moc_VariateManagerWithHorizonHeader.cpp">
      <Filter>Generated Files\Release</Filter>
    </ClCompile>
    <ClCompile Include="VariateValue.cpp">
      <Filter>Source Files\Variate\VariateValue</Filter>
    </ClCompile>
    <ClCompile Include="DoubleValue.cpp">
      <Filter>Source Files\Variate\VariateValue</Filter>
    </ClCompile>
    <ClCompile Include="IntegerValue.cpp">
      <Filter>Source Files\Variate\VariateValue</Filter>
    </ClCompile>
    <ClCompile Include="TComplex.cpp">
      <Filter>Source Files\Variate\Variate</Filter>
    </ClCompile>
    <ClCompile Include="ComplexValueTreeWidgetItem.cpp">
      <Filter>Source Files\Variate\VariateWidget\NewWidget\VariateValueTreeWidget</Filter>
    </ClCompile>
    <ClCompile Include="DialogNewVariate.cpp">
      <Filter>Source Files\Screen\ScreenVariate</Filter>
    </ClCompile>
    <ClCompile Include="CoordinateContext.cpp">
      <Filter>Source Files\Screen\ScreenCoordinate</Filter>
    </ClCompile>
    <ClCompile Include="CoordinateAdapter.cpp">
      <Filter>Source Files\Screen\ScreenCoordinate</Filter>
    </ClCompile>
    <ClCompile Include="StringValue.cpp">
      <Filter>Source Files\Variate\VariateValue</Filter>
    </ClCompile>
    <ClCompile Include="MacroReader.cpp">
      <Filter>Source Files\DataPersistence</Filter>
    </ClCompile>
    <ClCompile Include="MacroInfo.cpp">
      <Filter>Source Files\Screen\ScreenProgram\Macro</Filter>
    </ClCompile>
    <ClCompile Include="MacroManager.cpp">
      <Filter>Source Files\Screen\ScreenProgram\Macro</Filter>
    </ClCompile>
    <ClCompile Include="MacroWidgetCommon.cpp">
      <Filter>Source Files\Screen\ScreenProgram\Macro\MacroWidget</Filter>
    </ClCompile>
    <ClCompile Include="CodeEditor.cpp">
      <Filter>Source Files\Screen\ScreenProgram\CodeEditor</Filter>
    </ClCompile>
    <ClCompile Include="CodeEditorManager.cpp">
      <Filter>Source Files\Screen\ScreenProgram\CodeEditor</Filter>
    </ClCompile>
    <ClCompile Include="GeneratedFiles\Debug\moc_CodeEditorManager.cpp">
      <Filter>Generated Files\Debug</Filter>
    </ClCompile>
    <ClCompile Include="GeneratedFiles\Release\moc_CodeEditorManager.cpp">
      <Filter>Generated Files\Release</Filter>
    </ClCompile>
    <ClCompile Include="SimpleKeyboard.cpp">
      <Filter>Source Files\Widget\Keyboard</Filter>
    </ClCompile>
    <ClCompile Include="GeneratedFiles\Debug\moc_SimpleKeyboard.cpp">
      <Filter>Generated Files\Debug</Filter>
    </ClCompile>
    <ClCompile Include="GeneratedFiles\Release\moc_SimpleKeyboard.cpp">
      <Filter>Generated Files\Release</Filter>
    </ClCompile>
    <ClCompile Include="KeyboardLineEdit.cpp">
      <Filter>Source Files\Widget\Keyboard</Filter>
    </ClCompile>
    <ClCompile Include="TimeCalculator.cpp">
      <Filter>Source Files\Function</Filter>
    </ClCompile>
    <ClCompile Include="ProjectVariatesXmlManager.cpp">
      <Filter>Source Files\DataPersistence</Filter>
    </ClCompile>
    <ClCompile Include="EnumValue.cpp">
      <Filter>Source Files\Variate\VariateValue</Filter>
    </ClCompile>
    <ClCompile Include="TAstNodeMacroCommon.cpp">
      <Filter>Source Files\Interpreter\TAstNode\Macro</Filter>
    </ClCompile>
    <ClCompile Include="VariateValueFactory.cpp">
      <Filter>Source Files\Variate\VariateValue</Filter>
    </ClCompile>
    <ClCompile Include="TVariatePrototype.cpp">
      <Filter>Source Files\Variate\Variate</Filter>
    </ClCompile>
    <ClCompile Include="VariateReader.cpp">
      <Filter>Source Files\DataPersistence</Filter>
    </ClCompile>
    <ClCompile Include="TVariateInfo.cpp">
      <Filter>Source Files\Variate\VariateInfo</Filter>
    </ClCompile>
    <ClCompile Include="TDynamic.cpp">
      <Filter>Source Files\Variate\Variate</Filter>
    </ClCompile>
    <ClCompile Include="GeneratedFiles\Debug\moc_TeachingBoxBroadcast.cpp">
      <Filter>Generated Files\Debug</Filter>
    </ClCompile>
    <ClCompile Include="GeneratedFiles\Release\moc_TeachingBoxBroadcast.cpp">
      <Filter>Generated Files\Release</Filter>
    </ClCompile>
    <ClCompile Include="GeneratedFiles\Debug\moc_LabelWithBorder.cpp">
      <Filter>Generated Files\Debug</Filter>
    </ClCompile>
    <ClCompile Include="GeneratedFiles\Release\moc_LabelWithBorder.cpp">
      <Filter>Generated Files\Release</Filter>
    </ClCompile>
    <ClCompile Include="ScreenWarningHeader.cpp">
      <Filter>Source Files\Screen\Screen</Filter>
    </ClCompile>
    <ClCompile Include="GeneratedFiles\Debug\moc_ScreenWarningHeader.cpp">
      <Filter>Generated Files\Debug</Filter>
    </ClCompile>
    <ClCompile Include="GeneratedFiles\Release\moc_ScreenWarningHeader.cpp">
      <Filter>Generated Files\Release</Filter>
    </ClCompile>
    <ClCompile Include="ConfirmButton.cpp">
      <Filter>Source Files\Widget</Filter>
    </ClCompile>
    <ClCompile Include="ScreenWarning.cpp">
      <Filter>Source Files\Screen\ScreenWarning</Filter>
    </ClCompile>
    <ClCompile Include="GeneratedFiles\Debug\moc_WarningModel.cpp">
      <Filter>Generated Files\Debug</Filter>
    </ClCompile>
    <ClCompile Include="GeneratedFiles\Release\moc_WarningModel.cpp">
      <Filter>Generated Files\Release</Filter>
    </ClCompile>
    <ClCompile Include="GeneratedFiles\Debug\moc_ScreenWarning.cpp">
      <Filter>Generated Files\Debug</Filter>
    </ClCompile>
    <ClCompile Include="GeneratedFiles\Release\moc_ScreenWarning.cpp">
      <Filter>Generated Files\Release</Filter>
    </ClCompile>
    <ClCompile Include="GeneratedFiles\Debug\moc_DateDelegate.cpp">
      <Filter>Generated Files\Debug</Filter>
    </ClCompile>
    <ClCompile Include="WarningInfo.cpp">
      <Filter>Source Files\Screen\ScreenWarning</Filter>
    </ClCompile>
    <ClCompile Include="WarningModel.cpp">
      <Filter>Source Files\Screen\ScreenWarning</Filter>
    </ClCompile>
    <ClCompile Include="DateDelegate.cpp">
      <Filter>Source Files\Screen\ScreenWarning</Filter>
    </ClCompile>
    <ClCompile Include="GeneratedFiles\Release\moc_DateDelegate.cpp">
      <Filter>Generated Files\Release</Filter>
    </ClCompile>
    <ClCompile Include="GeneratedFiles\Debug\moc_ConfirmButton.cpp">
      <Filter>Generated Files\Debug</Filter>
    </ClCompile>
    <ClCompile Include="GeneratedFiles\Release\moc_ConfirmButton.cpp">
      <Filter>Generated Files\Release</Filter>
    </ClCompile>
    <ClCompile Include="GeneratedFiles\Debug\moc_TInterpreterInfo.cpp">
      <Filter>Generated Files\Debug</Filter>
    </ClCompile>
    <ClCompile Include="GeneratedFiles\Release\moc_TInterpreterInfo.cpp">
      <Filter>Generated Files\Release</Filter>
    </ClCompile>
    <ClCompile Include="TInterpreterInfo.cpp">
      <Filter>Source Files\Exception</Filter>
    </ClCompile>
    <ClCompile Include="WidgetWithBorderAndIcon.cpp">
      <Filter>Source Files\Screen\Screen\Widget</Filter>
    </ClCompile>
    <ClCompile Include="GeneratedFiles\Debug\moc_DialogTeachToolSystem.cpp">
      <Filter>Generated Files\Debug</Filter>
    </ClCompile>
    <ClCompile Include="GeneratedFiles\Release\moc_DialogTeachToolSystem.cpp">
      <Filter>Generated Files\Release</Filter>
    </ClCompile>
    <ClCompile Include="DialogTeachReferenceSystem.cpp">
      <Filter>Source Files\Screen\ScreenCoordinate\ReferenceSystemDialog</Filter>
    </ClCompile>
    <ClCompile Include="DialogTeachToolSystem.cpp">
      <Filter>Source Files\Screen\ScreenCoordinate\ToolSystemDialog</Filter>
    </ClCompile>
    <ClCompile Include="GeneratedFiles\Debug\moc_SystemDialogWidgetParent.cpp">
      <Filter>Generated Files\Debug</Filter>
    </ClCompile>
    <ClCompile Include="GeneratedFiles\Release\moc_SystemDialogWidgetParent.cpp">
      <Filter>Generated Files\Release</Filter>
    </ClCompile>
    <ClCompile Include="SystemDialogWidgetParent.cpp">
      <Filter>Source Files\Screen\ScreenCoordinate\SystemDialog</Filter>
    </ClCompile>
    <ClCompile Include="GeneratedFiles\Debug\moc_RefSysWidgetThreePointsWithOriginStep1.cpp">
      <Filter>Generated Files\Debug</Filter>
    </ClCompile>
    <ClCompile Include="RefSysWidgetThreePointsWithOriginStep1.cpp">
      <Filter>Source Files\Screen\ScreenCoordinate\SystemDialog</Filter>
    </ClCompile>
    <ClCompile Include="GeneratedFiles\Release\moc_RefSysWidgetThreePointsWithOriginStep1.cpp">
      <Filter>Generated Files\Release</Filter>
    </ClCompile>
    <ClCompile Include="GeneratedFiles\Debug\moc_RefSysDialog.cpp">
      <Filter>Generated Files\Debug</Filter>
    </ClCompile>
    <ClCompile Include="GeneratedFiles\Release\moc_RefSysDialog.cpp">
      <Filter>Generated Files\Release</Filter>
    </ClCompile>
    <ClCompile Include="RefSysWidgetThreePointsWithOriginStep3.cpp">
      <Filter>Source Files\Screen\ScreenCoordinate\SystemDialog</Filter>
    </ClCompile>
    <ClCompile Include="RefSysWidgetThreePointsWithOriginStep2.cpp">
      <Filter>Source Files\Screen\ScreenCoordinate\SystemDialog</Filter>
    </ClCompile>
    <ClCompile Include="RefSysDialog.cpp">
      <Filter>Source Files\Screen\ScreenCoordinate\SystemDialog</Filter>
    </ClCompile>
    <ClCompile Include="GeneratedFiles\Debug\moc_RefSysWidgetThreePointsWithoutOriginStep1.cpp">
      <Filter>Generated Files\Debug</Filter>
    </ClCompile>
    <ClCompile Include="GeneratedFiles\Release\moc_RefSysWidgetThreePointsWithoutOriginStep1.cpp">
      <Filter>Generated Files\Release</Filter>
    </ClCompile>
    <ClCompile Include="GeneratedFiles\Debug\moc_RefSysWidgetOnePointKeepOrientation.cpp">
      <Filter>Generated Files\Debug</Filter>
    </ClCompile>
    <ClCompile Include="GeneratedFiles\Release\moc_RefSysWidgetOnePointKeepOrientation.cpp">
      <Filter>Generated Files\Release</Filter>
    </ClCompile>
    <ClCompile Include="RefSysWidgetOnePointKeepOrientation.cpp">
      <Filter>Source Files\Screen\ScreenCoordinate\SystemDialog</Filter>
    </ClCompile>
    <ClCompile Include="RefSysWidgetOrigin.cpp">
      <Filter>Source Files\Screen\ScreenCoordinate\SystemDialog</Filter>
    </ClCompile>
    <ClCompile Include="RefSysWidgetThreePointsWithoutOriginStep1.cpp">
      <Filter>Source Files\Screen\ScreenCoordinate\SystemDialog</Filter>
    </ClCompile>
    <ClCompile Include="RefSysWidgetThreePointsWithoutOriginStep2.cpp">
      <Filter>Source Files\Screen\ScreenCoordinate\SystemDialog</Filter>
    </ClCompile>
    <ClCompile Include="RefSysWidgetThreePointsWithoutOriginStep3.cpp">
      <Filter>Source Files\Screen\ScreenCoordinate\SystemDialog</Filter>
    </ClCompile>
    <ClCompile Include="RefSysWidgetEnd.cpp">
      <Filter>Source Files\Screen\ScreenCoordinate\SystemDialog</Filter>
    </ClCompile>
    <ClCompile Include="CoordinateSystemTeachInfo.cpp">
      <Filter>Source Files</Filter>
    </ClCompile>
  </ItemGroup>
  <ItemGroup>
    <CustomBuild Include="teachingbox.qrc">
      <Filter>Resource Files</Filter>
    </CustomBuild>
    <CustomBuild Include="stdafx.h">
      <Filter>Header Files</Filter>
    </CustomBuild>
    <CustomBuild Include="InternationalWidget.h">
      <Filter>Header Files\Widget</Filter>
    </CustomBuild>
    <CustomBuild Include="TeachingBox.h">
      <Filter>Header Files\TeachingBox</Filter>
    </CustomBuild>
    <CustomBuild Include="WarningLight.h">
      <Filter>Header Files\TeachingBox</Filter>
    </CustomBuild>
    <CustomBuild Include="ScreenService.h">
      <Filter>Header Files\Screen\ScreenService</Filter>
    </CustomBuild>
    <CustomBuild Include="ScreenSetting.h">
      <Filter>Header Files\Screen\ScreenService</Filter>
    </CustomBuild>
    <CustomBuild Include="ScreenUserManager.h">
      <Filter>Header Files\Screen\ScreenService\UserManager</Filter>
    </CustomBuild>
    <CustomBuild Include="DialogEditUser.h">
      <Filter>Header Files\Screen\ScreenService\UserManager</Filter>
    </CustomBuild>
    <CustomBuild Include="ScreenVariate.h">
      <Filter>Header Files\Screen\ScreenVariate</Filter>
    </CustomBuild>
    <CustomBuild Include="TSymbol.h">
      <Filter>Header Files\Variate</Filter>
    </CustomBuild>
    <CustomBuild Include="ComboBoxInTree.h">
      <Filter>Header Files\Screen\ScreenVariate\TreeWidget</Filter>
    </CustomBuild>
    <CustomBuild Include="Keyboard.h">
      <Filter>Header Files\Widget\Keyboard</Filter>
    </CustomBuild>
    <CustomBuild Include="LineEditWithRegExpAndKeyboard.h">
      <Filter>Header Files\Widget\Keyboard</Filter>
    </CustomBuild>
    <CustomBuild Include="TVariateManager.h">
      <Filter>Header Files\Variate</Filter>
    </CustomBuild>
    <CustomBuild Include="TOverlap.h">
      <Filter>Header Files\Variate\Variate</Filter>
    </CustomBuild>
    <CustomBuild Include="TPosition.h">
      <Filter>Header Files\Variate\Variate</Filter>
    </CustomBuild>
    <CustomBuild Include="TVariate.h">
      <Filter>Header Files\Variate\Variate</Filter>
    </CustomBuild>
    <CustomBuild Include="ScreenProject.h">
      <Filter>Header Files\Screen\ScreenProject</Filter>
    </CustomBuild>
    <CustomBuild Include="ScreenProgram.h">
      <Filter>Header Files\Screen\ScreenProgram</Filter>
    </CustomBuild>
    <CustomBuild Include="TestTreeWdigetItem.h">
      <Filter>Header Files\Test</Filter>
    </CustomBuild>
    <CustomBuild Include="TInterpreterThread.h">
      <Filter>Header Files\Interpreter</Filter>
    </CustomBuild>
    <CustomBuild Include="InterpreterManager.h">
      <Filter>Header Files\Interpreter</Filter>
    </CustomBuild>
    <CustomBuild Include="TcpManager.h">
      <Filter>Header Files\Remote</Filter>
    </CustomBuild>
    <CustomBuild Include="TcpAdapter.h">
      <Filter>Header Files\Remote</Filter>
    </CustomBuild>
    <CustomBuild Include="ScreenNetwork.h">
      <Filter>Header Files\Screen\ScreenService\Network</Filter>
    </CustomBuild>
    <CustomBuild Include="DialogNewAddress.h">
      <Filter>Header Files\Screen\ScreenService\Network</Filter>
    </CustomBuild>
    <CustomBuild Include="RemoteParser.h">
      <Filter>Header Files\Remote</Filter>
    </CustomBuild>
    <CustomBuild Include="MacroWidgetParent.h">
      <Filter>Header Files\Screen\ScreenProgram\Macro\MacroWidget</Filter>
    </CustomBuild>
    <CustomBuild Include="DialogNewMacro.h">
      <Filter>Header Files\Screen\ScreenProgram\Macro\MacroSeletor</Filter>
    </CustomBuild>
    <CustomBuild Include="DynamicController.h">
      <Filter>Header Files\TeachingBox</Filter>
    </CustomBuild>
    <CustomBuild Include="ScreenReferenceSystem.h">
      <Filter>Header Files\Screen\ScreenCoordinate</Filter>
    </CustomBuild>
    <CustomBuild Include="TBool.h">
      <Filter>Header Files\Variate\Variate\Base</Filter>
    </CustomBuild>
    <CustomBuild Include="TDouble.h">
      <Filter>Header Files\Variate\Variate\Base</Filter>
    </CustomBuild>
    <CustomBuild Include="TInteger.h">
      <Filter>Header Files\Variate\Variate\Base</Filter>
    </CustomBuild>
    <CustomBuild Include="TString.h">
      <Filter>Header Files\Variate\Variate\Base</Filter>
    </CustomBuild>
    <CustomBuild Include="TDynamic.h">
      <Filter>Header Files\Variate\Variate</Filter>
    </CustomBuild>
    <CustomBuild Include="ScreenCoordinate.h">
      <Filter>Header Files\Screen\ScreenCoordinate</Filter>
    </CustomBuild>
    <CustomBuild Include="ScreenToolSystem.h">
      <Filter>Header Files\Screen\ScreenCoordinate</Filter>
    </CustomBuild>
    <CustomBuild Include="RemoteAdapter.h">
      <Filter>Header Files\Remote</Filter>
    </CustomBuild>
    <CustomBuild Include="VariateValueTreeWidgetItem.h">
      <Filter>Header Files\Variate\VariateWidget\NewWidget\VariateValueTreeWidget</Filter>
    </CustomBuild>
    <CustomBuild Include="VariateManagerWithHorizonHeader.h">
      <Filter>Header Files\Variate\VariateWidget\NewWidget</Filter>
    </CustomBuild>
    <CustomBuild Include="TreeWidgetItemWithSymbol.h">
      <Filter>Header Files\Variate\VariateWidget\NewWidget</Filter>
    </CustomBuild>
    <CustomBuild Include="DialogNewVariate.h">
      <Filter>Header Files\Screen\ScreenVariate</Filter>
    </CustomBuild>
    <CustomBuild Include="VariateValue.h">
      <Filter>Header Files\Variate\VariateValue</Filter>
    </CustomBuild>
    <CustomBuild Include="IntegerValue.h">
      <Filter>Header Files\Variate\VariateValue</Filter>
    </CustomBuild>
    <CustomBuild Include="CodeEditor.h">
      <Filter>Header Files\Screen\ScreenProgram\CodeEditor</Filter>
    </CustomBuild>
    <CustomBuild Include="CodeEditorManager.h">
      <Filter>Header Files\Screen\ScreenProgram\CodeEditor</Filter>
    </CustomBuild>
    <CustomBuild Include="SimpleKeyboard.h">
      <Filter>Header Files\Widget\Keyboard</Filter>
    </CustomBuild>
    <CustomBuild Include="TeachingBoxBroadcast.h">
      <Filter>Header Files\Context</Filter>
    </CustomBuild>
    <CustomBuild Include="LabelWithBorder.h">
      <Filter>Header Files\Screen\Screen\Widget</Filter>
    </CustomBuild>
    <CustomBuild Include="ScreenState.h">
      <Filter>Header Files\Screen\Screen</Filter>
    </CustomBuild>
    <CustomBuild Include="ScreenWarningHeader.h">
      <Filter>Header Files\Screen\Screen</Filter>
    </CustomBuild>
    <CustomBuild Include="WarningModel.h">
      <Filter>Header Files\Screen\ScreenWarning</Filter>
    </CustomBuild>
    <CustomBuild Include="ScreenWarning.h">
      <Filter>Header Files\Screen\ScreenWarning</Filter>
    </CustomBuild>
    <CustomBuild Include="DateDelegate.h">
      <Filter>Header Files\Screen\ScreenWarning</Filter>
    </CustomBuild>
    <CustomBuild Include="ConfirmButton.h">
      <Filter>Header Files\Widget</Filter>
    </CustomBuild>
    <CustomBuild Include="Exception.h">
      <Filter>Header Files\Exception</Filter>
    </CustomBuild>
    <CustomBuild Include="TInterpreterInfo.h">
      <Filter>Header Files\Exception</Filter>
    </CustomBuild>
    <CustomBuild Include="DialogTeachReferenceSystem.h">
      <Filter>Header Files\Screen\ScreenCoordinate\ReferenceSystemDialog</Filter>
    </CustomBuild>
    <CustomBuild Include="DialogTeachToolSystem.h">
      <Filter>Header Files\Screen\ScreenCoordinate\ToolSystemDialog</Filter>
    </CustomBuild>
    <CustomBuild Include="SystemDialogWidgetParent.h">
      <Filter>Header Files\Screen\ScreenCoordinate\SystemDialog</Filter>
    </CustomBuild>
    <CustomBuild Include="RefSysWidgetThreePointsWithOriginStep1.h">
      <Filter>Header Files\Screen\ScreenCoordinate\SystemDialog</Filter>
    </CustomBuild>
    <CustomBuild Include="RefSysDialog.h">
      <Filter>Header Files\Screen\ScreenCoordinate\SystemDialog</Filter>
    </CustomBuild>
    <CustomBuild Include="RefSysWidgetThreePointsWithoutOriginStep1.h">
      <Filter>Header Files\Screen\ScreenCoordinate\SystemDialog</Filter>
    </CustomBuild>
    <CustomBuild Include="RefSysWidgetOnePointKeepOrientation.h">
      <Filter>Header Files\Screen\ScreenCoordinate\SystemDialog</Filter>
    </CustomBuild>
  </ItemGroup>
  <ItemGroup>
    <None Include="teachingbox_zh.qm">
      <Filter>Translation Files</Filter>
    </None>
    <None Include="teachingbox_zh.ts">
      <Filter>Translation Files</Filter>
    </None>
  </ItemGroup>
  <ItemGroup>
    <ClInclude Include="Button.h">
      <Filter>Header Files\Widget</Filter>
    </ClInclude>
    <ClInclude Include="TeachingBoxContext.h">
      <Filter>Header Files\Context</Filter>
    </ClInclude>
    <ClInclude Include="Screen.h">
      <Filter>Header Files\Screen\Screen</Filter>
    </ClInclude>
    <ClInclude Include="ScreenAxis.h">
      <Filter>Header Files\Screen\Screen</Filter>
    </ClInclude>
    <ClInclude Include="ScreenMainParent.h">
      <Filter>Header Files\Screen\ScreenMain</Filter>
    </ClInclude>
    <ClInclude Include="SingleTon.h">
      <Filter>Header Files\Function</Filter>
    </ClInclude>
    <ClInclude Include="ScreenUser.h">
      <Filter>Header Files\Screen\ScreenService</Filter>
    </ClInclude>
    <ClInclude Include="User.h">
      <Filter>Header Files\User</Filter>
    </ClInclude>
    <ClInclude Include="Language.h">
      <Filter>Header Files\User</Filter>
    </ClInclude>
    <ClInclude Include="IUserManager.h">
      <Filter>Header Files\Screen\ScreenService\UserManager</Filter>
    </ClInclude>
    <ClInclude Include="UserDatabase.h">
      <Filter>Header Files\DataPersistence</Filter>
    </ClInclude>
    <ClInclude Include="DatabaseHelper.h">
      <Filter>Header Files\DataPersistence</Filter>
    </ClInclude>
    <ClInclude Include="ScreenManager.h">
      <Filter>Header Files\Screen\ScreenMain</Filter>
    </ClInclude>
    <ClInclude Include="ButtonGroup.h">
      <Filter>Header Files\Widget</Filter>
    </ClInclude>
    <ClInclude Include="TreeWidgetItemWithVariate.h">
      <Filter>Header Files\Screen\ScreenVariate\TreeWidget</Filter>
    </ClInclude>
    <ClInclude Include="WidgetItemInTree.h">
      <Filter>Header Files\Screen\ScreenVariate\TreeWidget</Filter>
    </ClInclude>
    <ClInclude Include="LineEditInTree.h">
      <Filter>Header Files\Screen\ScreenVariate\TreeWidget</Filter>
    </ClInclude>
    <ClInclude Include="KeyboardInterface.h">
      <Filter>Header Files\Widget\Keyboard</Filter>
    </ClInclude>
    <ClInclude Include="WarningManager.h">
      <Filter>Header Files\Exception</Filter>
    </ClInclude>
    <ClInclude Include="KeyboardButton.h">
      <Filter>Header Files\Widget\Keyboard</Filter>
    </ClInclude>
    <ClInclude Include="IEditVariate.h">
      <Filter>Header Files\Screen\ScreenVariate</Filter>
    </ClInclude>
    <ClInclude Include="VariateDatabase.h">
      <Filter>Header Files\DataPersistence</Filter>
    </ClInclude>
    <ClInclude Include="TScope.h">
      <Filter>Header Files\Variate</Filter>
    </ClInclude>
    <ClInclude Include="ProjectContext.h">
      <Filter>Header Files\Context</Filter>
    </ClInclude>
    <ClInclude Include="Context.h">
      <Filter>Header Files\Context</Filter>
    </ClInclude>
    <ClInclude Include="ProjectManager.h">
      <Filter>Header Files\Screen\ScreenProject</Filter>
    </ClInclude>
    <ClInclude Include="DialogParent.h">
      <Filter>Header Files\Widget</Filter>
    </ClInclude>
    <ClInclude Include="TToken.h">
      <Filter>Header Files\Interpreter\Token</Filter>
    </ClInclude>
    <ClInclude Include="TTokenWithValue.h">
      <Filter>Header Files\Interpreter\Token</Filter>
    </ClInclude>
    <ClInclude Include="TTokenType.h">
      <Filter>Header Files\Interpreter\Token</Filter>
    </ClInclude>
    <ClInclude Include="TAstNodeFactory.h">
      <Filter>Header Files\Interpreter\TAstNode</Filter>
    </ClInclude>
    <ClInclude Include="TAstNode.h">
      <Filter>Header Files\Interpreter\TAstNode</Filter>
    </ClInclude>
    <ClInclude Include="TInterpreterException.h">
      <Filter>Header Files\Exception</Filter>
    </ClInclude>
    <ClInclude Include="TLexer.h">
      <Filter>Header Files\Interpreter</Filter>
    </ClInclude>
    <ClInclude Include="InterpreterContext.h">
      <Filter>Header Files\Context</Filter>
    </ClInclude>
    <ClInclude Include="TAstNodeForSentence.h">
      <Filter>Header Files\Interpreter\TAstNode\For</Filter>
    </ClInclude>
    <ClInclude Include="TAstNodeElseIfSentence.h">
      <Filter>Header Files\Interpreter\TAstNode\If</Filter>
    </ClInclude>
    <ClInclude Include="TAstNodeElseSentence.h">
      <Filter>Header Files\Interpreter\TAstNode\If</Filter>
    </ClInclude>
    <ClInclude Include="TAstNodeEndIfSentence.h">
      <Filter>Header Files\Interpreter\TAstNode\If</Filter>
    </ClInclude>
    <ClInclude Include="TAstNodeIfSentence.h">
      <Filter>Header Files\Interpreter\TAstNode\If</Filter>
    </ClInclude>
    <ClInclude Include="TAstNodeAssignSentence.h">
      <Filter>Header Files\Interpreter\TAstNode\Assign</Filter>
    </ClInclude>
    <ClInclude Include="TAstNodeOperator.h">
      <Filter>Header Files\Interpreter\TAstNode\Assign</Filter>
    </ClInclude>
    <ClInclude Include="TAstNodeNextSentence.h">
      <Filter>Header Files\Interpreter\TAstNode\For</Filter>
    </ClInclude>
    <ClInclude Include="TAstNodeRoot.h">
      <Filter>Header Files\Interpreter\TAstNode\Program</Filter>
    </ClInclude>
    <ClInclude Include="TAstNodeProgram.h">
      <Filter>Header Files\Interpreter\TAstNode\Program</Filter>
    </ClInclude>
    <ClInclude Include="RegExp.h">
      <Filter>Header Files\Init</Filter>
    </ClInclude>
    <ClInclude Include="DataStruct.h">
      <Filter>Header Files\Init</Filter>
    </ClInclude>
    <ClInclude Include="RemoteManager.h">
      <Filter>Header Files\Remote</Filter>
    </ClInclude>
    <ClInclude Include="IScreenNetwork.h">
      <Filter>Header Files\Screen\ScreenService\Network</Filter>
    </ClInclude>
    <ClInclude Include="TAstNodeGosubSentence.h">
      <Filter>Header Files\Interpreter\TAstNode</Filter>
    </ClInclude>
    <ClInclude Include="MacroWidgetFactory.h">
      <Filter>Header Files\Screen\ScreenProgram\Macro\MacroWidget</Filter>
    </ClInclude>
    <ClInclude Include="Macro.h">
      <Filter>Header Files\Screen\ScreenProgram\Macro\MacroSeletor</Filter>
    </ClInclude>
    <ClInclude Include="MacroWidgetGosub.h">
      <Filter>Header Files\Screen\ScreenProgram\Macro\MacroWidget</Filter>
    </ClInclude>
    <ClInclude Include="TRefSys.h">
      <Filter>Header Files\Variate\Variate\Coordinate</Filter>
    </ClInclude>
    <ClInclude Include="VariateWidgetProducer.h">
      <Filter>Header Files\Variate</Filter>
    </ClInclude>
    <ClInclude Include="TToolSys.h">
      <Filter>Header Files\Variate\Variate\Coordinate</Filter>
    </ClInclude>
    <ClInclude Include="RemoteAdapterFactory.h">
      <Filter>Header Files\Remote</Filter>
    </ClInclude>
    <ClInclude Include="IRemoteFeedbackListener.h">
      <Filter>Header Files\Remote</Filter>
    </ClInclude>
    <ClInclude Include="RemoteFeedbackController.h">
      <Filter>Header Files\Remote</Filter>
    </ClInclude>
    <ClInclude Include="IntegerValueTreeWidgetItem.h">
      <Filter>Header Files\Variate\VariateWidget\NewWidget\VariateValueTreeWidget</Filter>
    </ClInclude>
    <ClInclude Include="VariateValueTreeWidgetBuilder.h">
      <Filter>Header Files\Variate\VariateWidget\NewWidget\VariateValueTreeWidget</Filter>
    </ClInclude>
    <ClInclude Include="DoubleValueTreeWidgetItem.h">
      <Filter>Header Files\Variate\VariateWidget\NewWidget\VariateValueTreeWidget</Filter>
    </ClInclude>
    <ClInclude Include="BoolValueTreeWidgetItem.h">
      <Filter>Header Files\Variate\VariateWidget\NewWidget\VariateValueTreeWidget</Filter>
    </ClInclude>
    <ClInclude Include="StringValueTreeWidgetItem.h">
      <Filter>Header Files\Variate\VariateWidget\NewWidget\VariateValueTreeWidget</Filter>
    </ClInclude>
    <ClInclude Include="TVariateContext.h">
      <Filter>Header Files\Variate</Filter>
    </ClInclude>
    <ClInclude Include="TVariateScopeNode.h">
      <Filter>Header Files\Variate</Filter>
    </ClInclude>
    <ClInclude Include="VariateManagerWithVerticalHeader.h">
      <Filter>Header Files\Variate\VariateWidget\NewWidget</Filter>
    </ClInclude>
    <ClInclude Include="VariateWidgetMap.h">
      <Filter>Header Files\Variate\VariateWidget\NewWidget</Filter>
    </ClInclude>
    <ClInclude Include="DoubleValue.h">
      <Filter>Header Files\Variate\VariateValue</Filter>
    </ClInclude>
    <ClInclude Include="TVariateRegister.h">
      <Filter>Header Files\Variate\Variate</Filter>
    </ClInclude>
    <ClInclude Include="TComplex.h">
      <Filter>Header Files\Variate\Variate</Filter>
    </ClInclude>
    <ClInclude Include="ComplexValueTreeWidgetItem.h">
      <Filter>Header Files\Variate\VariateWidget\NewWidget\VariateValueTreeWidget</Filter>
    </ClInclude>
    <ClInclude Include="StringValue.h">
      <Filter>Header Files\Variate\VariateValue</Filter>
    </ClInclude>
    <ClInclude Include="CoordinateContext.h">
      <Filter>Header Files\Context</Filter>
    </ClInclude>
    <ClInclude Include="MacroReader.h">
      <Filter>Header Files\DataPersistence</Filter>
    </ClInclude>
    <ClInclude Include="CoordinateAdapter.h">
      <Filter>Header Files\Screen\ScreenCoordinate</Filter>
    </ClInclude>
    <ClInclude Include="ICoordinate.h">
      <Filter>Header Files\Screen\ScreenCoordinate</Filter>
    </ClInclude>
    <ClInclude Include="MacroInfo.h">
      <Filter>Header Files\Screen\ScreenProgram\Macro</Filter>
    </ClInclude>
    <ClInclude Include="MacroManager.h">
      <Filter>Header Files\Screen\ScreenProgram\Macro</Filter>
    </ClInclude>
    <ClInclude Include="MacroWidgetCommon.h">
      <Filter>Header Files\Screen\ScreenProgram\Macro\MacroWidget</Filter>
    </ClInclude>
    <ClInclude Include="IKeyboard.h">
      <Filter>Header Files\Widget\Keyboard</Filter>
    </ClInclude>
    <ClInclude Include="KeyboardLineEdit.h">
      <Filter>Header Files\Widget\Keyboard</Filter>
    </ClInclude>
    <ClInclude Include="TimeCalculator.h">
      <Filter>Header Files\Function</Filter>
    </ClInclude>
    <ClInclude Include="ProjectVariatesXmlManager.h">
      <Filter>Header Files\DataPersistence</Filter>
    </ClInclude>
    <ClInclude Include="EnumValue.h">
      <Filter>Header Files\Variate\VariateValue</Filter>
    </ClInclude>
    <ClInclude Include="VariateReader.h">
      <Filter>Header Files\DataPersistence</Filter>
    </ClInclude>
    <ClInclude Include="TAstNodeMacroCommon.h">
      <Filter>Header Files\Interpreter\TAstNode\Macro</Filter>
    </ClInclude>
    <ClInclude Include="TVariatePrototype.h">
      <Filter>Header Files\Variate\Variate</Filter>
    </ClInclude>
    <ClInclude Include="VariateValueFactory.h">
      <Filter>Header Files\Variate\VariateValue</Filter>
    </ClInclude>
    <ClInclude Include="VariateValueRegister.h">
      <Filter>Header Files\Variate\VariateValue</Filter>
    </ClInclude>
    <ClInclude Include="TVariateFactory.h">
      <Filter>Header Files\Variate\Variate</Filter>
    </ClInclude>
    <ClInclude Include="TVariateInfo.h">
      <Filter>Header Files\Variate\VariateInfo</Filter>
    </ClInclude>
    <ClInclude Include="WarningInfo.h">
      <Filter>Header Files\Screen\ScreenWarning</Filter>
    </ClInclude>
    <ClInclude Include="WidgetWithBorderAndIcon.h">
      <Filter>Header Files\Screen\Screen\Widget</Filter>
    </ClInclude>
    <ClInclude Include="RefSysWidgetThreePointsWithOriginStep2.h">
      <Filter>Header Files\Screen\ScreenCoordinate\SystemDialog</Filter>
    </ClInclude>
    <ClInclude Include="RefSysWidgetThreePointsWithOriginStep3.h">
      <Filter>Header Files\Screen\ScreenCoordinate\SystemDialog</Filter>
    </ClInclude>
    <ClInclude Include="RefSysWidgetOrigin.h">
      <Filter>Header Files\Screen\ScreenCoordinate\SystemDialog</Filter>
    </ClInclude>
    <ClInclude Include="RefSysWidgetThreePointsWithoutOriginStep3.h">
      <Filter>Header Files\Screen\ScreenCoordinate\SystemDialog</Filter>
    </ClInclude>
    <ClInclude Include="RefSysWidgetThreePointsWithoutOriginStep2.h">
      <Filter>Header Files\Screen\ScreenCoordinate\SystemDialog</Filter>
    </ClInclude>
    <ClInclude Include="RefSysWidgetEnd.h">
      <Filter>Header Files\Screen\ScreenCoordinate\SystemDialog</Filter>
    </ClInclude>
    <ClInclude Include="CoordinateSystemTeachInfo.h">
      <Filter>Header Files\Screen\ScreenCoordinate\SystemDialog</Filter>
    </ClInclude>
  </ItemGroup>
  <ItemGroup>
    <Xml Include="Resources\xml\Macro.xml">
      <Filter>Resource Files</Filter>
    </Xml>
    <Xml Include="Resources\xml\Variates.xml">
      <Filter>Resource Files</Filter>
    </Xml>
  </ItemGroup>
</Project>