<?xml version="1.0" encoding="utf-8"?>
<Project ToolsVersion="4.0" xmlns="http://schemas.microsoft.com/developer/msbuild/2003">
  <ItemGroup>
    <Filter Include="Generated Files">
      <UniqueIdentifier>{71ED8ED8-ACB9-4CE9-BBE1-E00B30144E11}</UniqueIdentifier>
      <Extensions>cpp;c;cxx;moc;h;def;odl;idl;res;</Extensions>
    </Filter>
    <Filter Include="Generated Files">
      <UniqueIdentifier>{71ED8ED8-ACB9-4CE9-BBE1-E00B30144E11}</UniqueIdentifier>
      <Extensions>cpp;c;cxx;moc;h;def;odl;idl;res;</Extensions>
    </Filter>
    <Filter Include="Header Files">
      <UniqueIdentifier>{93995380-89BD-4b04-88EB-625FBE52EBFB}</UniqueIdentifier>
      <Extensions>h;hpp;hxx;hm;inl;inc;xsd</Extensions>
    </Filter>
    <Filter Include="Header Files">
      <UniqueIdentifier>{93995380-89BD-4b04-88EB-625FBE52EBFB}</UniqueIdentifier>
      <Extensions>h;hpp;hxx;hm;inl;inc;xsd</Extensions>
    </Filter>
    <Filter Include="Source Files">
      <UniqueIdentifier>{4FC737F1-C7A5-4376-A066-2A32D752A2FF}</UniqueIdentifier>
      <Extensions>cpp;c;cxx;def;odl;idl;hpj;bat;asm;asmx</Extensions>
    </Filter>
    <Filter Include="Source Files">
      <UniqueIdentifier>{4FC737F1-C7A5-4376-A066-2A32D752A2FF}</UniqueIdentifier>
      <Extensions>cpp;c;cxx;def;odl;idl;hpj;bat;asm;asmx</Extensions>
    </Filter>
    <Filter Include="Translation Files">
      <UniqueIdentifier>{639EADAA-A684-42e4-A9AD-28FC9BCB8F7C}</UniqueIdentifier>
      <Extensions>ts;xlf</Extensions>
      <ParseFiles>false</ParseFiles>
    </Filter>
    <Filter Include="Translation Files">
      <UniqueIdentifier>{639EADAA-A684-42e4-A9AD-28FC9BCB8F7C}</UniqueIdentifier>
      <Extensions>ts;xlf</Extensions>
      <ParseFiles>false</ParseFiles>
    </Filter>
  </ItemGroup>
  <ItemGroup>
    <ClCompile Include="..\lexlib\Accessor.cpp">
      <Filter>Source Files</Filter>
    </ClCompile>
    <ClCompile Include="..\src\AutoComplete.cpp">
      <Filter>Source Files</Filter>
    </ClCompile>
    <ClCompile Include="..\src\CallTip.cpp">
      <Filter>Source Files</Filter>
    </ClCompile>
    <ClCompile Include="..\src\CaseConvert.cpp">
      <Filter>Source Files</Filter>
    </ClCompile>
    <ClCompile Include="..\src\CaseFolder.cpp">
      <Filter>Source Files</Filter>
    </ClCompile>
    <ClCompile Include="..\src\Catalogue.cpp">
      <Filter>Source Files</Filter>
    </ClCompile>
    <ClCompile Include="..\src\CellBuffer.cpp">
      <Filter>Source Files</Filter>
    </ClCompile>
    <ClCompile Include="..\src\CharClassify.cpp">
      <Filter>Source Files</Filter>
    </ClCompile>
    <ClCompile Include="..\lexlib\CharacterCategory.cpp">
      <Filter>Source Files</Filter>
    </ClCompile>
    <ClCompile Include="..\lexlib\CharacterSet.cpp">
      <Filter>Source Files</Filter>
    </ClCompile>
    <ClCompile Include="..\src\ContractionState.cpp">
      <Filter>Source Files</Filter>
    </ClCompile>
    <ClCompile Include="..\src\Decoration.cpp">
      <Filter>Source Files</Filter>
    </ClCompile>
    <ClCompile Include="..\src\Document.cpp">
      <Filter>Source Files</Filter>
    </ClCompile>
    <ClCompile Include="..\src\EditModel.cpp">
      <Filter>Source Files</Filter>
    </ClCompile>
    <ClCompile Include="..\src\EditView.cpp">
      <Filter>Source Files</Filter>
    </ClCompile>
    <ClCompile Include="..\src\Editor.cpp">
      <Filter>Source Files</Filter>
    </ClCompile>
    <ClCompile Include="..\src\ExternalLexer.cpp">
      <Filter>Source Files</Filter>
    </ClCompile>
    <ClCompile Include="..\src\Indicator.cpp">
      <Filter>Source Files</Filter>
    </ClCompile>
    <ClCompile Include="InputMethod.cpp">
      <Filter>Source Files</Filter>
    </ClCompile>
    <ClCompile Include="..\src\KeyMap.cpp">
      <Filter>Source Files</Filter>
    </ClCompile>
    <ClCompile Include="..\lexers\LexA68k.cpp">
      <Filter>Source Files</Filter>
    </ClCompile>
    <ClCompile Include="..\lexers\LexAPDL.cpp">
      <Filter>Source Files</Filter>
    </ClCompile>
    <ClCompile Include="..\lexers\LexASY.cpp">
      <Filter>Source Files</Filter>
    </ClCompile>
    <ClCompile Include="..\lexers\LexAU3.cpp">
      <Filter>Source Files</Filter>
    </ClCompile>
    <ClCompile Include="..\lexers\LexAVE.cpp">
      <Filter>Source Files</Filter>
    </ClCompile>
    <ClCompile Include="..\lexers\LexAVS.cpp">
      <Filter>Source Files</Filter>
    </ClCompile>
    <ClCompile Include="..\lexers\LexAbaqus.cpp">
      <Filter>Source Files</Filter>
    </ClCompile>
    <ClCompile Include="..\lexers\LexAda.cpp">
      <Filter>Source Files</Filter>
    </ClCompile>
    <ClCompile Include="..\lexers\LexAsm.cpp">
      <Filter>Source Files</Filter>
    </ClCompile>
    <ClCompile Include="..\lexers\LexAsn1.cpp">
      <Filter>Source Files</Filter>
    </ClCompile>
    <ClCompile Include="..\lexers\LexBaan.cpp">
      <Filter>Source Files</Filter>
    </ClCompile>
    <ClCompile Include="..\lexers\LexBash.cpp">
      <Filter>Source Files</Filter>
    </ClCompile>
    <ClCompile Include="..\lexers\LexBasic.cpp">
      <Filter>Source Files</Filter>
    </ClCompile>
    <ClCompile Include="..\lexers\LexBibTex.cpp">
      <Filter>Source Files</Filter>
    </ClCompile>
    <ClCompile Include="..\lexers\LexBullant.cpp">
      <Filter>Source Files</Filter>
    </ClCompile>
    <ClCompile Include="..\lexers\LexCLW.cpp">
      <Filter>Source Files</Filter>
    </ClCompile>
    <ClCompile Include="..\lexers\LexCOBOL.cpp">
      <Filter>Source Files</Filter>
    </ClCompile>
    <ClCompile Include="..\lexers\LexCPP.cpp">
      <Filter>Source Files</Filter>
    </ClCompile>
    <ClCompile Include="..\lexers\LexCSS.cpp">
      <Filter>Source Files</Filter>
    </ClCompile>
    <ClCompile Include="..\lexers\LexCaml.cpp">
      <Filter>Source Files</Filter>
    </ClCompile>
    <ClCompile Include="..\lexers\LexCmake.cpp">
      <Filter>Source Files</Filter>
    </ClCompile>
    <ClCompile Include="..\lexers\LexCoffeeScript.cpp">
      <Filter>Source Files</Filter>
    </ClCompile>
    <ClCompile Include="..\lexers\LexConf.cpp">
      <Filter>Source Files</Filter>
    </ClCompile>
    <ClCompile Include="..\lexers\LexCrontab.cpp">
      <Filter>Source Files</Filter>
    </ClCompile>
    <ClCompile Include="..\lexers\LexCsound.cpp">
      <Filter>Source Files</Filter>
    </ClCompile>
    <ClCompile Include="..\lexers\LexD.cpp">
      <Filter>Source Files</Filter>
    </ClCompile>
    <ClCompile Include="..\lexers\LexDMAP.cpp">
      <Filter>Source Files</Filter>
    </ClCompile>
    <ClCompile Include="..\lexers\LexDMIS.cpp">
      <Filter>Source Files</Filter>
    </ClCompile>
    <ClCompile Include="..\lexers\LexECL.cpp">
      <Filter>Source Files</Filter>
    </ClCompile>
    <ClCompile Include="..\lexers\LexEScript.cpp">
      <Filter>Source Files</Filter>
    </ClCompile>
    <ClCompile Include="..\lexers\LexEiffel.cpp">
      <Filter>Source Files</Filter>
    </ClCompile>
    <ClCompile Include="..\lexers\LexErlang.cpp">
      <Filter>Source Files</Filter>
    </ClCompile>
    <ClCompile Include="..\lexers\LexFlagship.cpp">
      <Filter>Source Files</Filter>
    </ClCompile>
    <ClCompile Include="..\lexers\LexForth.cpp">
      <Filter>Source Files</Filter>
    </ClCompile>
    <ClCompile Include="..\lexers\LexFortran.cpp">
      <Filter>Source Files</Filter>
    </ClCompile>
    <ClCompile Include="..\lexers\LexGAP.cpp">
      <Filter>Source Files</Filter>
    </ClCompile>
    <ClCompile Include="..\lexers\LexGui4Cli.cpp">
      <Filter>Source Files</Filter>
    </ClCompile>
    <ClCompile Include="..\lexers\LexHTML.cpp">
      <Filter>Source Files</Filter>
    </ClCompile>
    <ClCompile Include="..\lexers\LexHaskell.cpp">
      <Filter>Source Files</Filter>
    </ClCompile>
    <ClCompile Include="..\lexers\LexHex.cpp">
      <Filter>Source Files</Filter>
    </ClCompile>
    <ClCompile Include="..\lexers\LexInno.cpp">
      <Filter>Source Files</Filter>
    </ClCompile>
    <ClCompile Include="..\lexers\LexKVIrc.cpp">
      <Filter>Source Files</Filter>
    </ClCompile>
    <ClCompile Include="..\lexers\LexKix.cpp">
      <Filter>Source Files</Filter>
    </ClCompile>
    <ClCompile Include="..\lexers\LexLaTex.cpp">
      <Filter>Source Files</Filter>
    </ClCompile>
    <ClCompile Include="..\lexers\LexLisp.cpp">
      <Filter>Source Files</Filter>
    </ClCompile>
    <ClCompile Include="..\lexers\LexLout.cpp">
      <Filter>Source Files</Filter>
    </ClCompile>
    <ClCompile Include="..\lexers\LexLua.cpp">
      <Filter>Source Files</Filter>
    </ClCompile>
    <ClCompile Include="..\lexers\LexMMIXAL.cpp">
      <Filter>Source Files</Filter>
    </ClCompile>
    <ClCompile Include="..\lexers\LexMPT.cpp">
      <Filter>Source Files</Filter>
    </ClCompile>
    <ClCompile Include="..\lexers\LexMSSQL.cpp">
      <Filter>Source Files</Filter>
    </ClCompile>
    <ClCompile Include="..\lexers\LexMagik.cpp">
      <Filter>Source Files</Filter>
    </ClCompile>
    <ClCompile Include="..\lexers\LexMarkdown.cpp">
      <Filter>Source Files</Filter>
    </ClCompile>
    <ClCompile Include="..\lexers\LexMatlab.cpp">
      <Filter>Source Files</Filter>
    </ClCompile>
    <ClCompile Include="..\lexers\LexMetapost.cpp">
      <Filter>Source Files</Filter>
    </ClCompile>
    <ClCompile Include="..\lexers\LexModula.cpp">
      <Filter>Source Files</Filter>
    </ClCompile>
    <ClCompile Include="..\lexers\LexMySQL.cpp">
      <Filter>Source Files</Filter>
    </ClCompile>
    <ClCompile Include="..\lexers\LexNimrod.cpp">
      <Filter>Source Files</Filter>
    </ClCompile>
    <ClCompile Include="..\lexers\LexNsis.cpp">
      <Filter>Source Files</Filter>
    </ClCompile>
    <ClCompile Include="..\lexers\LexOScript.cpp">
      <Filter>Source Files</Filter>
    </ClCompile>
    <ClCompile Include="..\lexers\LexOpal.cpp">
      <Filter>Source Files</Filter>
    </ClCompile>
    <ClCompile Include="..\lexers\LexOthers.cpp">
      <Filter>Source Files</Filter>
    </ClCompile>
    <ClCompile Include="..\lexers\LexPB.cpp">
      <Filter>Source Files</Filter>
    </ClCompile>
    <ClCompile Include="..\lexers\LexPLM.cpp">
      <Filter>Source Files</Filter>
    </ClCompile>
    <ClCompile Include="..\lexers\LexPO.cpp">
      <Filter>Source Files</Filter>
    </ClCompile>
    <ClCompile Include="..\lexers\LexPOV.cpp">
      <Filter>Source Files</Filter>
    </ClCompile>
    <ClCompile Include="..\lexers\LexPS.cpp">
      <Filter>Source Files</Filter>
    </ClCompile>
    <ClCompile Include="..\lexers\LexPascal.cpp">
      <Filter>Source Files</Filter>
    </ClCompile>
    <ClCompile Include="..\lexers\LexPerl.cpp">
      <Filter>Source Files</Filter>
    </ClCompile>
    <ClCompile Include="..\lexers\LexPowerPro.cpp">
      <Filter>Source Files</Filter>
    </ClCompile>
    <ClCompile Include="..\lexers\LexPowerShell.cpp">
      <Filter>Source Files</Filter>
    </ClCompile>
    <ClCompile Include="..\lexers\LexProgress.cpp">
      <Filter>Source Files</Filter>
    </ClCompile>
    <ClCompile Include="..\lexers\LexPython.cpp">
      <Filter>Source Files</Filter>
    </ClCompile>
    <ClCompile Include="..\lexers\LexR.cpp">
      <Filter>Source Files</Filter>
    </ClCompile>
    <ClCompile Include="..\lexers\LexRebol.cpp">
      <Filter>Source Files</Filter>
    </ClCompile>
    <ClCompile Include="..\lexers\LexRegistry.cpp">
      <Filter>Source Files</Filter>
    </ClCompile>
    <ClCompile Include="..\lexers\LexRuby.cpp">
      <Filter>Source Files</Filter>
    </ClCompile>
    <ClCompile Include="..\lexers\LexRust.cpp">
      <Filter>Source Files</Filter>
    </ClCompile>
    <ClCompile Include="..\lexers\LexSML.cpp">
      <Filter>Source Files</Filter>
    </ClCompile>
    <ClCompile Include="..\lexers\LexSQL.cpp">
      <Filter>Source Files</Filter>
    </ClCompile>
    <ClCompile Include="..\lexers\LexSTTXT.cpp">
      <Filter>Source Files</Filter>
    </ClCompile>
    <ClCompile Include="..\lexers\LexScriptol.cpp">
      <Filter>Source Files</Filter>
    </ClCompile>
    <ClCompile Include="..\lexers\LexSmalltalk.cpp">
      <Filter>Source Files</Filter>
    </ClCompile>
    <ClCompile Include="..\lexers\LexSorcus.cpp">
      <Filter>Source Files</Filter>
    </ClCompile>
    <ClCompile Include="..\lexers\LexSpecman.cpp">
      <Filter>Source Files</Filter>
    </ClCompile>
    <ClCompile Include="..\lexers\LexSpice.cpp">
      <Filter>Source Files</Filter>
    </ClCompile>
    <ClCompile Include="..\lexers\LexTACL.cpp">
      <Filter>Source Files</Filter>
    </ClCompile>
    <ClCompile Include="..\lexers\LexTADS3.cpp">
      <Filter>Source Files</Filter>
    </ClCompile>
    <ClCompile Include="..\lexers\LexTAL.cpp">
      <Filter>Source Files</Filter>
    </ClCompile>
    <ClCompile Include="..\lexers\LexTCL.cpp">
      <Filter>Source Files</Filter>
    </ClCompile>
    <ClCompile Include="..\lexers\LexTCMD.cpp">
      <Filter>Source Files</Filter>
    </ClCompile>
    <ClCompile Include="..\lexers\LexTeX.cpp">
      <Filter>Source Files</Filter>
    </ClCompile>
    <ClCompile Include="..\lexers\LexTxt2tags.cpp">
      <Filter>Source Files</Filter>
    </ClCompile>
    <ClCompile Include="..\lexers\LexVB.cpp">
      <Filter>Source Files</Filter>
    </ClCompile>
    <ClCompile Include="..\lexers\LexVHDL.cpp">
      <Filter>Source Files</Filter>
    </ClCompile>
    <ClCompile Include="..\lexers\LexVerilog.cpp">
      <Filter>Source Files</Filter>
    </ClCompile>
    <ClCompile Include="..\lexers\LexVisualProlog.cpp">
      <Filter>Source Files</Filter>
    </ClCompile>
    <ClCompile Include="..\lexers\LexYAML.cpp">
      <Filter>Source Files</Filter>
    </ClCompile>
    <ClCompile Include="..\lexlib\LexerBase.cpp">
      <Filter>Source Files</Filter>
    </ClCompile>
    <ClCompile Include="..\lexlib\LexerModule.cpp">
      <Filter>Source Files</Filter>
    </ClCompile>
    <ClCompile Include="..\lexlib\LexerNoExceptions.cpp">
      <Filter>Source Files</Filter>
    </ClCompile>
    <ClCompile Include="..\lexlib\LexerSimple.cpp">
      <Filter>Source Files</Filter>
    </ClCompile>
    <ClCompile Include="..\src\LineMarker.cpp">
      <Filter>Source Files</Filter>
    </ClCompile>
    <ClCompile Include="ListBoxQt.cpp">
      <Filter>Source Files</Filter>
    </ClCompile>
    <ClCompile Include="MacPasteboardMime.cpp">
      <Filter>Source Files</Filter>
    </ClCompile>
    <ClCompile Include="..\src\MarginView.cpp">
      <Filter>Source Files</Filter>
    </ClCompile>
    <ClCompile Include="..\src\PerLine.cpp">
      <Filter>Source Files</Filter>
    </ClCompile>
    <ClCompile Include="PlatQt.cpp">
      <Filter>Source Files</Filter>
    </ClCompile>
    <ClCompile Include="..\src\PositionCache.cpp">
      <Filter>Source Files</Filter>
    </ClCompile>
    <ClCompile Include="..\lexlib\PropSetSimple.cpp">
      <Filter>Source Files</Filter>
    </ClCompile>
    <ClCompile Include="..\src\RESearch.cpp">
      <Filter>Source Files</Filter>
    </ClCompile>
    <ClCompile Include="..\src\RunStyles.cpp">
      <Filter>Source Files</Filter>
    </ClCompile>
    <ClCompile Include="SciClasses.cpp">
      <Filter>Source Files</Filter>
    </ClCompile>
    <ClCompile Include="..\src\ScintillaBase.cpp">
      <Filter>Source Files</Filter>
    </ClCompile>
    <ClCompile Include="ScintillaQt.cpp">
      <Filter>Source Files</Filter>
    </ClCompile>
    <ClCompile Include="..\src\Selection.cpp">
      <Filter>Source Files</Filter>
    </ClCompile>
    <ClCompile Include="..\src\Style.cpp">
      <Filter>Source Files</Filter>
    </ClCompile>
    <ClCompile Include="..\lexlib\StyleContext.cpp">
      <Filter>Source Files</Filter>
    </ClCompile>
    <ClCompile Include="..\src\UniConversion.cpp">
      <Filter>Source Files</Filter>
    </ClCompile>
    <ClCompile Include="..\src\ViewStyle.cpp">
      <Filter>Source Files</Filter>
    </ClCompile>
    <ClCompile Include="..\lexlib\WordList.cpp">
      <Filter>Source Files</Filter>
    </ClCompile>
    <ClCompile Include="..\src\XPM.cpp">
      <Filter>Source Files</Filter>
    </ClCompile>
    <ClCompile Include="qsciabstractapis.cpp">
      <Filter>Source Files</Filter>
    </ClCompile>
    <ClCompile Include="qsciapis.cpp">
      <Filter>Source Files</Filter>
    </ClCompile>
    <ClCompile Include="qscicommand.cpp">
      <Filter>Source Files</Filter>
    </ClCompile>
    <ClCompile Include="qscicommandset.cpp">
      <Filter>Source Files</Filter>
    </ClCompile>
    <ClCompile Include="qscidocument.cpp">
      <Filter>Source Files</Filter>
    </ClCompile>
    <ClCompile Include="qscilexer.cpp">
      <Filter>Source Files</Filter>
    </ClCompile>
    <ClCompile Include="qscilexercpp.cpp">
      <Filter>Source Files</Filter>
    </ClCompile>
    <ClCompile Include="qscimacro.cpp">
      <Filter>Source Files</Filter>
    </ClCompile>
    <ClCompile Include="qsciprinter.cpp">
      <Filter>Source Files</Filter>
    </ClCompile>
    <ClCompile Include="qsciscintilla.cpp">
      <Filter>Source Files</Filter>
    </ClCompile>
    <ClCompile Include="qsciscintillabase.cpp">
      <Filter>Source Files</Filter>
    </ClCompile>
    <ClCompile Include="qscistyle.cpp">
      <Filter>Source Files</Filter>
    </ClCompile>
    <ClCompile Include="qscistyledtext.cpp">
      <Filter>Source Files</Filter>
    </ClCompile>
  </ItemGroup>
  <ItemGroup>
    <CustomBuild Include="SciClasses.h">
      <Filter>Header Files</Filter>
    </CustomBuild>
    <CustomBuild Include="ScintillaQt.h">
      <Filter>Header Files</Filter>
    </CustomBuild>
    <CustomBuild Include="Qsci\qsciabstractapis.h">
      <Filter>Header Files</Filter>
    </CustomBuild>
    <CustomBuild Include="Qsci\qsciapis.h">
      <Filter>Header Files</Filter>
    </CustomBuild>
    <CustomBuild Include="Qsci\qscilexer.h">
      <Filter>Header Files</Filter>
    </CustomBuild>
    <CustomBuild Include="Qsci\qscilexercpp.h">
      <Filter>Header Files</Filter>
    </CustomBuild>
    <CustomBuild Include="Qsci\qscimacro.h">
      <Filter>Header Files</Filter>
    </CustomBuild>
    <CustomBuild Include="Qsci\qsciscintilla.h">
      <Filter>Header Files</Filter>
    </CustomBuild>
    <CustomBuild Include="Qsci\qsciscintillabase.h">
      <Filter>Header Files</Filter>
    </CustomBuild>
    <CustomBuild Include="..\src\RunStyles.h">
      <Filter>Header Files</Filter>
    </CustomBuild>
    <CustomBuild Include="..\include\SciLexer.h">
      <Filter>Header Files</Filter>
    </CustomBuild>
    <CustomBuild Include="SciNamespace.h">
      <Filter>Header Files</Filter>
    </CustomBuild>
    <CustomBuild Include="..\include\Scintilla.h">
      <Filter>Header Files</Filter>
    </CustomBuild>
    <CustomBuild Include="..\src\ScintillaBase.h">
      <Filter>Header Files</Filter>
    </CustomBuild>
    <CustomBuild Include="..\include\ScintillaWidget.h">
      <Filter>Header Files</Filter>
    </CustomBuild>
    <CustomBuild Include="..\src\Selection.h">
      <Filter>Header Files</Filter>
    </CustomBuild>
    <CustomBuild Include="..\src\SplitVector.h">
      <Filter>Header Files</Filter>
    </CustomBuild>
    <CustomBuild Include="..\lexlib\StringCopy.h">
      <Filter>Header Files</Filter>
    </CustomBuild>
    <CustomBuild Include="..\src\Style.h">
      <Filter>Header Files</Filter>
    </CustomBuild>
    <CustomBuild Include="..\lexlib\StyleContext.h">
      <Filter>Header Files</Filter>
    </CustomBuild>
    <CustomBuild Include="..\lexlib\SubStyles.h">
      <Filter>Header Files</Filter>
    </CustomBuild>
    <CustomBuild Include="..\src\UniConversion.h">
      <Filter>Header Files</Filter>
    </CustomBuild>
    <CustomBuild Include="..\src\UnicodeFromUTF8.h">
      <Filter>Header Files</Filter>
    </CustomBuild>
    <CustomBuild Include="..\src\ViewStyle.h">
      <Filter>Header Files</Filter>
    </CustomBuild>
    <CustomBuild Include="..\lexlib\WordList.h">
      <Filter>Header Files</Filter>
    </CustomBuild>
    <CustomBuild Include="..\src\XPM.h">
      <Filter>Header Files</Filter>
    </CustomBuild>
    <CustomBuild Include="Qsci\qscicommand.h">
      <Filter>Header Files</Filter>
    </CustomBuild>
    <CustomBuild Include="Qsci\qscicommandset.h">
      <Filter>Header Files</Filter>
    </CustomBuild>
    <CustomBuild Include="Qsci\qscidocument.h">
      <Filter>Header Files</Filter>
    </CustomBuild>
    <CustomBuild Include="Qsci\qsciglobal.h">
      <Filter>Header Files</Filter>
    </CustomBuild>
    <CustomBuild Include="Qsci\qsciprinter.h">
      <Filter>Header Files</Filter>
    </CustomBuild>
    <CustomBuild Include="Qsci\qscistyle.h">
      <Filter>Header Files</Filter>
    </CustomBuild>
    <CustomBuild Include="Qsci\qscistyledtext.h">
      <Filter>Header Files</Filter>
    </CustomBuild>
    <CustomBuild Include="qscintilla_cs.ts">
      <Filter>Translation Files</Filter>
    </CustomBuild>
    <CustomBuild Include="qscintilla_de.ts">
      <Filter>Translation Files</Filter>
    </CustomBuild>
    <CustomBuild Include="qscintilla_es.ts">
      <Filter>Translation Files</Filter>
    </CustomBuild>
    <CustomBuild Include="qscintilla_fr.ts">
      <Filter>Translation Files</Filter>
    </CustomBuild>
    <CustomBuild Include="qscintilla_pt_br.ts">
      <Filter>Translation Files</Filter>
    </CustomBuild>
  </ItemGroup>
  <ItemGroup>
    <ClCompile Include="debug\moc_SciClasses.cpp">
      <Filter>Generated Files</Filter>
    </ClCompile>
    <ClCompile Include="release\moc_SciClasses.cpp">
      <Filter>Generated Files</Filter>
    </ClCompile>
    <ClCompile Include="debug\moc_ScintillaQt.cpp">
      <Filter>Generated Files</Filter>
    </ClCompile>
    <ClCompile Include="release\moc_ScintillaQt.cpp">
      <Filter>Generated Files</Filter>
    </ClCompile>
    <ClCompile Include="debug\moc_qsciabstractapis.cpp">
      <Filter>Generated Files</Filter>
    </ClCompile>
    <ClCompile Include="release\moc_qsciabstractapis.cpp">
      <Filter>Generated Files</Filter>
    </ClCompile>
    <ClCompile Include="debug\moc_qsciapis.cpp">
      <Filter>Generated Files</Filter>
    </ClCompile>
    <ClCompile Include="release\moc_qsciapis.cpp">
      <Filter>Generated Files</Filter>
    </ClCompile>
    <ClCompile Include="debug\moc_qscilexer.cpp">
      <Filter>Generated Files</Filter>
    </ClCompile>
    <ClCompile Include="release\moc_qscilexer.cpp">
      <Filter>Generated Files</Filter>
    </ClCompile>
    <ClCompile Include="debug\moc_qscilexercpp.cpp">
      <Filter>Generated Files</Filter>
    </ClCompile>
    <ClCompile Include="release\moc_qscilexercpp.cpp">
      <Filter>Generated Files</Filter>
    </ClCompile>
    <ClCompile Include="debug\moc_qscimacro.cpp">
      <Filter>Generated Files</Filter>
    </ClCompile>
    <ClCompile Include="release\moc_qscimacro.cpp">
      <Filter>Generated Files</Filter>
    </ClCompile>
    <ClCompile Include="debug\moc_qsciscintilla.cpp">
      <Filter>Generated Files</Filter>
    </ClCompile>
    <ClCompile Include="release\moc_qsciscintilla.cpp">
      <Filter>Generated Files</Filter>
    </ClCompile>
    <ClCompile Include="debug\moc_qsciscintillabase.cpp">
      <Filter>Generated Files</Filter>
    </ClCompile>
    <ClCompile Include="release\moc_qsciscintillabase.cpp">
      <Filter>Generated Files</Filter>
    </ClCompile>
  </ItemGroup>
  <ItemGroup>
    <CustomBuild Include="..\lexlib\Accessor.h">
      <Filter>Header Files</Filter>
    </CustomBuild>
    <CustomBuild Include="..\src\AutoComplete.h">
      <Filter>Header Files</Filter>
    </CustomBuild>
    <CustomBuild Include="..\src\CallTip.h">
      <Filter>Header Files</Filter>
    </CustomBuild>
    <CustomBuild Include="..\src\CaseConvert.h">
      <Filter>Header Files</Filter>
    </CustomBuild>
    <CustomBuild Include="..\src\CaseFolder.h">
      <Filter>Header Files</Filter>
    </CustomBuild>
    <CustomBuild Include="..\src\Catalogue.h">
      <Filter>Header Files</Filter>
    </CustomBuild>
    <CustomBuild Include="..\src\CellBuffer.h">
      <Filter>Header Files</Filter>
    </CustomBuild>
    <CustomBuild Include="..\src\CharClassify.h">
      <Filter>Header Files</Filter>
    </CustomBuild>
    <CustomBuild Include="..\lexlib\CharacterCategory.h">
      <Filter>Header Files</Filter>
    </CustomBuild>
    <CustomBuild Include="..\lexlib\CharacterSet.h">
      <Filter>Header Files</Filter>
    </CustomBuild>
    <CustomBuild Include="..\src\ContractionState.h">
      <Filter>Header Files</Filter>
    </CustomBuild>
    <CustomBuild Include="..\src\Decoration.h">
      <Filter>Header Files</Filter>
    </CustomBuild>
    <CustomBuild Include="..\src\Document.h">
      <Filter>Header Files</Filter>
    </CustomBuild>
    <CustomBuild Include="..\src\EditModel.h">
      <Filter>Header Files</Filter>
    </CustomBuild>
    <CustomBuild Include="..\src\EditView.h">
      <Filter>Header Files</Filter>
    </CustomBuild>
    <CustomBuild Include="..\src\Editor.h">
      <Filter>Header Files</Filter>
    </CustomBuild>
    <CustomBuild Include="..\src\ExternalLexer.h">
      <Filter>Header Files</Filter>
    </CustomBuild>
    <CustomBuild Include="..\src\FontQuality.h">
      <Filter>Header Files</Filter>
    </CustomBuild>
    <CustomBuild Include="..\include\ILexer.h">
      <Filter>Header Files</Filter>
    </CustomBuild>
    <CustomBuild Include="..\src\Indicator.h">
      <Filter>Header Files</Filter>
    </CustomBuild>
    <CustomBuild Include="..\src\KeyMap.h">
      <Filter>Header Files</Filter>
    </CustomBuild>
    <CustomBuild Include="..\lexlib\LexAccessor.h">
      <Filter>Header Files</Filter>
    </CustomBuild>
    <CustomBuild Include="..\lexlib\LexerBase.h">
      <Filter>Header Files</Filter>
    </CustomBuild>
    <CustomBuild Include="..\lexlib\LexerModule.h">
      <Filter>Header Files</Filter>
    </CustomBuild>
    <CustomBuild Include="..\lexlib\LexerNoExceptions.h">
      <Filter>Header Files</Filter>
    </CustomBuild>
    <CustomBuild Include="..\lexlib\LexerSimple.h">
      <Filter>Header Files</Filter>
    </CustomBuild>
    <CustomBuild Include="..\src\LineMarker.h">
      <Filter>Header Files</Filter>
    </CustomBuild>
    <CustomBuild Include="ListBoxQt.h">
      <Filter>Header Files</Filter>
    </CustomBuild>
    <CustomBuild Include="..\src\MarginView.h">
      <Filter>Header Files</Filter>
    </CustomBuild>
    <CustomBuild Include="..\lexlib\OptionSet.h">
      <Filter>Header Files</Filter>
    </CustomBuild>
    <CustomBuild Include="..\src\Partitioning.h">
      <Filter>Header Files</Filter>
    </CustomBuild>
    <CustomBuild Include="..\src\PerLine.h">
      <Filter>Header Files</Filter>
    </CustomBuild>
    <CustomBuild Include="..\include\Platform.h">
      <Filter>Header Files</Filter>
    </CustomBuild>
    <CustomBuild Include="..\src\PositionCache.h">
      <Filter>Header Files</Filter>
    </CustomBuild>
    <CustomBuild Include="..\lexlib\PropSetSimple.h">
      <Filter>Header Files</Filter>
    </CustomBuild>
    <CustomBuild Include="..\src\RESearch.h">
      <Filter>Header Files</Filter>
    </CustomBuild>
  </ItemGroup>
</Project>